// !$*UTF8*$!
{
	archiveVersion = 1;
	classes = {
	};
	objectVersion = 46;
	objects = {

/* Begin PBXBuildFile section */
		BE0903401D8E69B900ECF980 /* FwiReachabilityTest.swift in Sources */ = {isa = PBXBuildFile; fileRef = BE09033F1D8E69B900ECF980 /* FwiReachabilityTest.swift */; };
		BE78D9441D98D8DA00091D5D /* Dictionary+FwiExtension.swift in Sources */ = {isa = PBXBuildFile; fileRef = BE78D91D1D98D0F800091D5D /* Dictionary+FwiExtension.swift */; };
		BE8207EF1DC7A9AD0095358C /* FwiNetworkProtocol.swift in Sources */ = {isa = PBXBuildFile; fileRef = BE8207EE1DC7A9AD0095358C /* FwiNetworkProtocol.swift */; };
		BE8BF1471D8465BC00F710CB /* Data+FwiBase64Test.swift in Sources */ = {isa = PBXBuildFile; fileRef = BE8BF1461D8465BC00F710CB /* Data+FwiBase64Test.swift */; };
		BE8BF1491D8465CE00F710CB /* Data+FwiHexTest.swift in Sources */ = {isa = PBXBuildFile; fileRef = BE8BF1481D8465CE00F710CB /* Data+FwiHexTest.swift */; };
		BE8BF1501D84661C00F710CB /* Data+FwiExtensionTest.swift in Sources */ = {isa = PBXBuildFile; fileRef = BE8BF14A1D84661C00F710CB /* Data+FwiExtensionTest.swift */; };
		BE8BF1511D84661C00F710CB /* FileManager+FwiExtensionTest.swift in Sources */ = {isa = PBXBuildFile; fileRef = BE8BF14B1D84661C00F710CB /* FileManager+FwiExtensionTest.swift */; };
		BE8BF1521D84661C00F710CB /* NSNumber+FwiExtensionTest.swift in Sources */ = {isa = PBXBuildFile; fileRef = BE8BF14C1D84661C00F710CB /* NSNumber+FwiExtensionTest.swift */; };
		BE8BF1531D84661C00F710CB /* String+FwiExtensionTest.swift in Sources */ = {isa = PBXBuildFile; fileRef = BE8BF14D1D84661C00F710CB /* String+FwiExtensionTest.swift */; };
		BE8BF1541D84661C00F710CB /* URL+FwiExtensionTest.swift in Sources */ = {isa = PBXBuildFile; fileRef = BE8BF14E1D84661C00F710CB /* URL+FwiExtensionTest.swift */; };
		BE8BF1551D84661C00F710CB /* URLRequest+FwiExtensionTest.swift in Sources */ = {isa = PBXBuildFile; fileRef = BE8BF14F1D84661C00F710CB /* URLRequest+FwiExtensionTest.swift */; };
		BE8BF1591D84663100F710CB /* FwiReflectorTest.swift in Sources */ = {isa = PBXBuildFile; fileRef = BE8BF1571D84663100F710CB /* FwiReflectorTest.swift */; };
		BE8BF15B1D84664000F710CB /* FwiNetworkProtocolTest.swift in Sources */ = {isa = PBXBuildFile; fileRef = BE8BF15A1D84664000F710CB /* FwiNetworkProtocolTest.swift */; };
		BE8BF15D1D84665C00F710CB /* FwiOperationTest.swift in Sources */ = {isa = PBXBuildFile; fileRef = BE8BF15C1D84665C00F710CB /* FwiOperationTest.swift */; };
		BE9850E81DC8705F00C3A279 /* FwiJSONDeserialization.swift in Sources */ = {isa = PBXBuildFile; fileRef = BE9850E61DC8705F00C3A279 /* FwiJSONDeserialization.swift */; };
		BE9850E91DC8705F00C3A279 /* FwiJSONSerialization.swift in Sources */ = {isa = PBXBuildFile; fileRef = BE9850E71DC8705F00C3A279 /* FwiJSONSerialization.swift */; };
		BEA221C31D8E26C60001761E /* FwiJSONMapper.swift in Sources */ = {isa = PBXBuildFile; fileRef = BEA221C21D8E26C60001761E /* FwiJSONMapper.swift */; };
		BEA221C61D8E27C10001761E /* FwiJSONMapperTest.swift in Sources */ = {isa = PBXBuildFile; fileRef = BEA221C41D8E26D10001761E /* FwiJSONMapperTest.swift */; };
		BEA221C81D8E40110001761E /* FwiCoreDeprecated.swift in Sources */ = {isa = PBXBuildFile; fileRef = BEA221C71D8E40110001761E /* FwiCoreDeprecated.swift */; };
		BEF4FFDC1D9293D0008B9BFE /* Sample.xcdatamodeld in Sources */ = {isa = PBXBuildFile; fileRef = BEF4FFDA1D9293D0008B9BFE /* Sample.xcdatamodeld */; };
		BEF4FFE41D929509008B9BFE /* Person+CoreDataClass.swift in Sources */ = {isa = PBXBuildFile; fileRef = BEF4FFE21D929509008B9BFE /* Person+CoreDataClass.swift */; };
		BEF4FFE51D929509008B9BFE /* Person+CoreDataProperties.swift in Sources */ = {isa = PBXBuildFile; fileRef = BEF4FFE31D929509008B9BFE /* Person+CoreDataProperties.swift */; };
		BEF4FFE71D92964A008B9BFE /* FwiPersistentManagerTest.swift in Sources */ = {isa = PBXBuildFile; fileRef = BEF4FFE61D92964A008B9BFE /* FwiPersistentManagerTest.swift */; };
		BEF4FFE91D92975C008B9BFE /* Sample.xcdatamodeld in Resources */ = {isa = PBXBuildFile; fileRef = BEF4FFDA1D9293D0008B9BFE /* Sample.xcdatamodeld */; };
		_LinkFileRef_FwiCore_via_FwiCoreTests /* FwiCore.framework in Frameworks */ = {isa = PBXBuildFile; fileRef = "_____Product_FwiCore" /* FwiCore.framework */; };
		"__src_cc_ref_Sources/Data+FwiBase64.swift" /* Data+FwiBase64.swift in Sources */ = {isa = PBXBuildFile; fileRef = "__PBXFileRef_Sources/Data+FwiBase64.swift" /* Data+FwiBase64.swift */; };
		"__src_cc_ref_Sources/Data+FwiExtension.swift" /* Data+FwiExtension.swift in Sources */ = {isa = PBXBuildFile; fileRef = "__PBXFileRef_Sources/Data+FwiExtension.swift" /* Data+FwiExtension.swift */; };
		"__src_cc_ref_Sources/Data+FwiHex.swift" /* Data+FwiHex.swift in Sources */ = {isa = PBXBuildFile; fileRef = "__PBXFileRef_Sources/Data+FwiHex.swift" /* Data+FwiHex.swift */; };
		"__src_cc_ref_Sources/FileManager+FwiExtension.swift" /* FileManager+FwiExtension.swift in Sources */ = {isa = PBXBuildFile; fileRef = "__PBXFileRef_Sources/FileManager+FwiExtension.swift" /* FileManager+FwiExtension.swift */; };
		__src_cc_ref_Sources/FwiCore.swift /* FwiCore.swift in Sources */ = {isa = PBXBuildFile; fileRef = __PBXFileRef_Sources/FwiCore.swift /* FwiCore.swift */; };
		__src_cc_ref_Sources/FwiCoreData.swift /* FwiCoreData.swift in Sources */ = {isa = PBXBuildFile; fileRef = __PBXFileRef_Sources/FwiCoreData.swift /* FwiCoreData.swift */; };
		__src_cc_ref_Sources/FwiDataParam.swift /* FwiDataParam.swift in Sources */ = {isa = PBXBuildFile; fileRef = __PBXFileRef_Sources/FwiDataParam.swift /* FwiDataParam.swift */; };
		__src_cc_ref_Sources/FwiEntityCollectionViewModel.swift /* FwiEntityCollectionViewModel.swift in Sources */ = {isa = PBXBuildFile; fileRef = __PBXFileRef_Sources/FwiEntityCollectionViewModel.swift /* FwiEntityCollectionViewModel.swift */; };
		__src_cc_ref_Sources/FwiEntityTableViewModel.swift /* FwiEntityTableViewModel.swift in Sources */ = {isa = PBXBuildFile; fileRef = __PBXFileRef_Sources/FwiEntityTableViewModel.swift /* FwiEntityTableViewModel.swift */; };
		__src_cc_ref_Sources/FwiEntityViewModel.swift /* FwiEntityViewModel.swift in Sources */ = {isa = PBXBuildFile; fileRef = __PBXFileRef_Sources/FwiEntityViewModel.swift /* FwiEntityViewModel.swift */; };
		__src_cc_ref_Sources/FwiFormParam.swift /* FwiFormParam.swift in Sources */ = {isa = PBXBuildFile; fileRef = __PBXFileRef_Sources/FwiFormParam.swift /* FwiFormParam.swift */; };
		__src_cc_ref_Sources/FwiJSONModel.swift /* FwiJSONModel.swift in Sources */ = {isa = PBXBuildFile; fileRef = __PBXFileRef_Sources/FwiJSONModel.swift /* FwiJSONModel.swift */; };
		__src_cc_ref_Sources/FwiLocalization.swift /* FwiLocalization.swift in Sources */ = {isa = PBXBuildFile; fileRef = __PBXFileRef_Sources/FwiLocalization.swift /* FwiLocalization.swift */; };
		__src_cc_ref_Sources/FwiMultipartParam.swift /* FwiMultipartParam.swift in Sources */ = {isa = PBXBuildFile; fileRef = __PBXFileRef_Sources/FwiMultipartParam.swift /* FwiMultipartParam.swift */; };
		__src_cc_ref_Sources/FwiNetworkManager.swift /* FwiNetwork.swift in Sources */ = {isa = PBXBuildFile; fileRef = __PBXFileRef_Sources/FwiNetworkManager.swift /* FwiNetwork.swift */; };
		__src_cc_ref_Sources/FwiOperation.swift /* FwiOperation.swift in Sources */ = {isa = PBXBuildFile; fileRef = __PBXFileRef_Sources/FwiOperation.swift /* FwiOperation.swift */; };
		__src_cc_ref_Sources/FwiPersistentManager.swift /* FwiPersistentManager.swift in Sources */ = {isa = PBXBuildFile; fileRef = __PBXFileRef_Sources/FwiPersistentManager.swift /* FwiPersistentManager.swift */; };
		__src_cc_ref_Sources/FwiReachability.swift /* FwiReachability.swift in Sources */ = {isa = PBXBuildFile; fileRef = __PBXFileRef_Sources/FwiReachability.swift /* FwiReachability.swift */; };
		__src_cc_ref_Sources/FwiReflector.swift /* FwiReflector.swift in Sources */ = {isa = PBXBuildFile; fileRef = __PBXFileRef_Sources/FwiReflector.swift /* FwiReflector.swift */; };
		"__src_cc_ref_Sources/NSCoding+FwiExtension.swift" /* NSCoding+FwiExtension.swift in Sources */ = {isa = PBXBuildFile; fileRef = "__PBXFileRef_Sources/NSCoding+FwiExtension.swift" /* NSCoding+FwiExtension.swift */; };
		"__src_cc_ref_Sources/NSManagedObject+FwiExtension.swift" /* NSManagedObject+FwiExtension.swift in Sources */ = {isa = PBXBuildFile; fileRef = "__PBXFileRef_Sources/NSManagedObject+FwiExtension.swift" /* NSManagedObject+FwiExtension.swift */; };
		"__src_cc_ref_Sources/NSNumber+FwiExtension.swift" /* NSNumber+FwiExtension.swift in Sources */ = {isa = PBXBuildFile; fileRef = "__PBXFileRef_Sources/NSNumber+FwiExtension.swift" /* NSNumber+FwiExtension.swift */; };
		"__src_cc_ref_Sources/String+FwiBase64.swift" /* String+FwiBase64.swift in Sources */ = {isa = PBXBuildFile; fileRef = "__PBXFileRef_Sources/String+FwiBase64.swift" /* String+FwiBase64.swift */; };
		"__src_cc_ref_Sources/String+FwiExtension.swift" /* String+FwiExtension.swift in Sources */ = {isa = PBXBuildFile; fileRef = "__PBXFileRef_Sources/String+FwiExtension.swift" /* String+FwiExtension.swift */; };
		"__src_cc_ref_Sources/String+FwiHex.swift" /* String+FwiHex.swift in Sources */ = {isa = PBXBuildFile; fileRef = "__PBXFileRef_Sources/String+FwiHex.swift" /* String+FwiHex.swift */; };
		"__src_cc_ref_Sources/UIApplication+FwiExtension.swift" /* UIApplication+FwiExtension.swift in Sources */ = {isa = PBXBuildFile; fileRef = "__PBXFileRef_Sources/UIApplication+FwiExtension.swift" /* UIApplication+FwiExtension.swift */; };
		"__src_cc_ref_Sources/UIButton+FwiExtension.swift" /* UIButton+FwiExtension.swift in Sources */ = {isa = PBXBuildFile; fileRef = "__PBXFileRef_Sources/UIButton+FwiExtension.swift" /* UIButton+FwiExtension.swift */; };
		"__src_cc_ref_Sources/UIColor+FwiExtension.swift" /* UIColor+FwiExtension.swift in Sources */ = {isa = PBXBuildFile; fileRef = "__PBXFileRef_Sources/UIColor+FwiExtension.swift" /* UIColor+FwiExtension.swift */; };
		"__src_cc_ref_Sources/UINavigationController+FwiExtension.swift" /* UINavigationController+FwiExtension.swift in Sources */ = {isa = PBXBuildFile; fileRef = "__PBXFileRef_Sources/UINavigationController+FwiExtension.swift" /* UINavigationController+FwiExtension.swift */; };
		"__src_cc_ref_Sources/UISplitViewController+FwiExtension.swift" /* UISplitViewController+FwiExtension.swift in Sources */ = {isa = PBXBuildFile; fileRef = "__PBXFileRef_Sources/UISplitViewController+FwiExtension.swift" /* UISplitViewController+FwiExtension.swift */; };
		"__src_cc_ref_Sources/UITableViewController+FwiExtension.swift" /* UITableViewController+FwiExtension.swift in Sources */ = {isa = PBXBuildFile; fileRef = "__PBXFileRef_Sources/UITableViewController+FwiExtension.swift" /* UITableViewController+FwiExtension.swift */; };
		"__src_cc_ref_Sources/UIView+FwiExtension.swift" /* UIView+FwiExtension.swift in Sources */ = {isa = PBXBuildFile; fileRef = "__PBXFileRef_Sources/UIView+FwiExtension.swift" /* UIView+FwiExtension.swift */; };
		"__src_cc_ref_Sources/UIViewController+FwiExtension.swift" /* UIViewController+FwiExtension.swift in Sources */ = {isa = PBXBuildFile; fileRef = "__PBXFileRef_Sources/UIViewController+FwiExtension.swift" /* UIViewController+FwiExtension.swift */; };
		"__src_cc_ref_Sources/URL+FwiExtension.swift" /* URL+FwiExtension.swift in Sources */ = {isa = PBXBuildFile; fileRef = "__PBXFileRef_Sources/URL+FwiExtension.swift" /* URL+FwiExtension.swift */; };
		"__src_cc_ref_Sources/URLRequest+FwiExtension.swift" /* URLRequest+FwiExtension.swift in Sources */ = {isa = PBXBuildFile; fileRef = "__PBXFileRef_Sources/URLRequest+FwiExtension.swift" /* URLRequest+FwiExtension.swift */; };
		__src_cc_ref_Tests/FwiCoreTests/FwiCoreTests.swift /* FwiCoreTests.swift in Sources */ = {isa = PBXBuildFile; fileRef = __PBXFileRef_Tests/FwiCoreTests/FwiCoreTests.swift /* FwiCoreTests.swift */; };
/* End PBXBuildFile section */

/* Begin PBXContainerItemProxy section */
		BE8BF1291D832B3600F710CB /* PBXContainerItemProxy */ = {
			isa = PBXContainerItemProxy;
			containerPortal = __RootObject_ /* Project object */;
			proxyType = 1;
			remoteGlobalIDString = "______Target_FwiCore";
			remoteInfo = FwiCore;
		};
/* End PBXContainerItemProxy section */

/* Begin PBXFileReference section */
		BE09033F1D8E69B900ECF980 /* FwiReachabilityTest.swift */ = {isa = PBXFileReference; fileEncoding = 4; lastKnownFileType = sourcecode.swift; path = FwiReachabilityTest.swift; sourceTree = "<group>"; };
		BE1735B61D89C13B00738B1F /* lib-debug.xcconfig */ = {isa = PBXFileReference; lastKnownFileType = text.xcconfig; name = "lib-debug.xcconfig"; path = "FwiCore.xcodeproj/Configs/lib-debug.xcconfig"; sourceTree = "<group>"; };
		BE1735B71D89C13B00738B1F /* lib-release.xcconfig */ = {isa = PBXFileReference; lastKnownFileType = text.xcconfig; name = "lib-release.xcconfig"; path = "FwiCore.xcodeproj/Configs/lib-release.xcconfig"; sourceTree = "<group>"; };
		BE1735B81D89C13B00738B1F /* project-debug.xcconfig */ = {isa = PBXFileReference; lastKnownFileType = text.xcconfig; name = "project-debug.xcconfig"; path = "FwiCore.xcodeproj/Configs/project-debug.xcconfig"; sourceTree = "<group>"; };
		BE1735B91D89C13B00738B1F /* project-release.xcconfig */ = {isa = PBXFileReference; lastKnownFileType = text.xcconfig; name = "project-release.xcconfig"; path = "FwiCore.xcodeproj/Configs/project-release.xcconfig"; sourceTree = "<group>"; };
		BE1735BA1D89C13B00738B1F /* test-debug.xcconfig */ = {isa = PBXFileReference; lastKnownFileType = text.xcconfig; name = "test-debug.xcconfig"; path = "FwiCore.xcodeproj/Configs/test-debug.xcconfig"; sourceTree = "<group>"; };
		BE1735BB1D89C13B00738B1F /* test-release.xcconfig */ = {isa = PBXFileReference; lastKnownFileType = text.xcconfig; name = "test-release.xcconfig"; path = "FwiCore.xcodeproj/Configs/test-release.xcconfig"; sourceTree = "<group>"; };
		BE78D91D1D98D0F800091D5D /* Dictionary+FwiExtension.swift */ = {isa = PBXFileReference; fileEncoding = 4; lastKnownFileType = sourcecode.swift; path = "Dictionary+FwiExtension.swift"; sourceTree = "<group>"; };
		BE8207EE1DC7A9AD0095358C /* FwiNetworkProtocol.swift */ = {isa = PBXFileReference; fileEncoding = 4; lastKnownFileType = sourcecode.swift; path = FwiNetworkProtocol.swift; sourceTree = "<group>"; };
		BE8BF1461D8465BC00F710CB /* Data+FwiBase64Test.swift */ = {isa = PBXFileReference; fileEncoding = 4; lastKnownFileType = sourcecode.swift; path = "Data+FwiBase64Test.swift"; sourceTree = "<group>"; };
		BE8BF1481D8465CE00F710CB /* Data+FwiHexTest.swift */ = {isa = PBXFileReference; fileEncoding = 4; lastKnownFileType = sourcecode.swift; path = "Data+FwiHexTest.swift"; sourceTree = "<group>"; };
		BE8BF14A1D84661C00F710CB /* Data+FwiExtensionTest.swift */ = {isa = PBXFileReference; fileEncoding = 4; lastKnownFileType = sourcecode.swift; path = "Data+FwiExtensionTest.swift"; sourceTree = "<group>"; };
		BE8BF14B1D84661C00F710CB /* FileManager+FwiExtensionTest.swift */ = {isa = PBXFileReference; fileEncoding = 4; lastKnownFileType = sourcecode.swift; path = "FileManager+FwiExtensionTest.swift"; sourceTree = "<group>"; };
		BE8BF14C1D84661C00F710CB /* NSNumber+FwiExtensionTest.swift */ = {isa = PBXFileReference; fileEncoding = 4; lastKnownFileType = sourcecode.swift; path = "NSNumber+FwiExtensionTest.swift"; sourceTree = "<group>"; };
		BE8BF14D1D84661C00F710CB /* String+FwiExtensionTest.swift */ = {isa = PBXFileReference; fileEncoding = 4; lastKnownFileType = sourcecode.swift; path = "String+FwiExtensionTest.swift"; sourceTree = "<group>"; };
		BE8BF14E1D84661C00F710CB /* URL+FwiExtensionTest.swift */ = {isa = PBXFileReference; fileEncoding = 4; lastKnownFileType = sourcecode.swift; path = "URL+FwiExtensionTest.swift"; sourceTree = "<group>"; };
		BE8BF14F1D84661C00F710CB /* URLRequest+FwiExtensionTest.swift */ = {isa = PBXFileReference; fileEncoding = 4; lastKnownFileType = sourcecode.swift; path = "URLRequest+FwiExtensionTest.swift"; sourceTree = "<group>"; };
		BE8BF1571D84663100F710CB /* FwiReflectorTest.swift */ = {isa = PBXFileReference; fileEncoding = 4; lastKnownFileType = sourcecode.swift; path = FwiReflectorTest.swift; sourceTree = "<group>"; };
		BE8BF15A1D84664000F710CB /* FwiNetworkProtocolTest.swift */ = {isa = PBXFileReference; fileEncoding = 4; lastKnownFileType = sourcecode.swift; path = FwiNetworkProtocolTest.swift; sourceTree = "<group>"; };
		BE8BF15C1D84665C00F710CB /* FwiOperationTest.swift */ = {isa = PBXFileReference; fileEncoding = 4; lastKnownFileType = sourcecode.swift; path = FwiOperationTest.swift; sourceTree = "<group>"; };
		BE9850E61DC8705F00C3A279 /* FwiJSONDeserialization.swift */ = {isa = PBXFileReference; fileEncoding = 4; lastKnownFileType = sourcecode.swift; path = FwiJSONDeserialization.swift; sourceTree = "<group>"; };
		BE9850E71DC8705F00C3A279 /* FwiJSONSerialization.swift */ = {isa = PBXFileReference; fileEncoding = 4; lastKnownFileType = sourcecode.swift; path = FwiJSONSerialization.swift; sourceTree = "<group>"; };
		BEA221C21D8E26C60001761E /* FwiJSONMapper.swift */ = {isa = PBXFileReference; fileEncoding = 4; lastKnownFileType = sourcecode.swift; path = FwiJSONMapper.swift; sourceTree = "<group>"; };
		BEA221C41D8E26D10001761E /* FwiJSONMapperTest.swift */ = {isa = PBXFileReference; fileEncoding = 4; lastKnownFileType = sourcecode.swift; path = FwiJSONMapperTest.swift; sourceTree = "<group>"; };
		BEA221C71D8E40110001761E /* FwiCoreDeprecated.swift */ = {isa = PBXFileReference; fileEncoding = 4; lastKnownFileType = sourcecode.swift; path = FwiCoreDeprecated.swift; sourceTree = "<group>"; };
		BEF4FFDB1D9293D0008B9BFE /* Sample.xcdatamodel */ = {isa = PBXFileReference; lastKnownFileType = wrapper.xcdatamodel; path = Sample.xcdatamodel; sourceTree = "<group>"; };
		BEF4FFE21D929509008B9BFE /* Person+CoreDataClass.swift */ = {isa = PBXFileReference; fileEncoding = 4; lastKnownFileType = sourcecode.swift; path = "Person+CoreDataClass.swift"; sourceTree = "<group>"; };
		BEF4FFE31D929509008B9BFE /* Person+CoreDataProperties.swift */ = {isa = PBXFileReference; fileEncoding = 4; lastKnownFileType = sourcecode.swift; path = "Person+CoreDataProperties.swift"; sourceTree = "<group>"; };
		BEF4FFE61D92964A008B9BFE /* FwiPersistentManagerTest.swift */ = {isa = PBXFileReference; fileEncoding = 4; lastKnownFileType = sourcecode.swift; path = FwiPersistentManagerTest.swift; sourceTree = "<group>"; };
		__PBXFileRef_Package.swift /* Package.swift */ = {isa = PBXFileReference; lastKnownFileType = sourcecode.swift; path = Package.swift; sourceTree = "<group>"; };
		"__PBXFileRef_Sources/Data+FwiBase64.swift" /* Data+FwiBase64.swift */ = {isa = PBXFileReference; lastKnownFileType = sourcecode.swift; path = "Data+FwiBase64.swift"; sourceTree = "<group>"; };
		"__PBXFileRef_Sources/Data+FwiExtension.swift" /* Data+FwiExtension.swift */ = {isa = PBXFileReference; lastKnownFileType = sourcecode.swift; path = "Data+FwiExtension.swift"; sourceTree = "<group>"; };
		"__PBXFileRef_Sources/Data+FwiHex.swift" /* Data+FwiHex.swift */ = {isa = PBXFileReference; lastKnownFileType = sourcecode.swift; path = "Data+FwiHex.swift"; sourceTree = "<group>"; };
		"__PBXFileRef_Sources/FileManager+FwiExtension.swift" /* FileManager+FwiExtension.swift */ = {isa = PBXFileReference; lastKnownFileType = sourcecode.swift; path = "FileManager+FwiExtension.swift"; sourceTree = "<group>"; };
		__PBXFileRef_Sources/FwiCore.swift /* FwiCore.swift */ = {isa = PBXFileReference; lastKnownFileType = sourcecode.swift; path = FwiCore.swift; sourceTree = "<group>"; };
		__PBXFileRef_Sources/FwiCoreData.swift /* FwiCoreData.swift */ = {isa = PBXFileReference; lastKnownFileType = sourcecode.swift; path = FwiCoreData.swift; sourceTree = "<group>"; };
		__PBXFileRef_Sources/FwiDataParam.swift /* FwiDataParam.swift */ = {isa = PBXFileReference; lastKnownFileType = sourcecode.swift; path = FwiDataParam.swift; sourceTree = "<group>"; };
		__PBXFileRef_Sources/FwiEntityCollectionViewModel.swift /* FwiEntityCollectionViewModel.swift */ = {isa = PBXFileReference; lastKnownFileType = sourcecode.swift; path = FwiEntityCollectionViewModel.swift; sourceTree = "<group>"; };
		__PBXFileRef_Sources/FwiEntityTableViewModel.swift /* FwiEntityTableViewModel.swift */ = {isa = PBXFileReference; lastKnownFileType = sourcecode.swift; path = FwiEntityTableViewModel.swift; sourceTree = "<group>"; };
		__PBXFileRef_Sources/FwiEntityViewModel.swift /* FwiEntityViewModel.swift */ = {isa = PBXFileReference; lastKnownFileType = sourcecode.swift; path = FwiEntityViewModel.swift; sourceTree = "<group>"; };
		__PBXFileRef_Sources/FwiFormParam.swift /* FwiFormParam.swift */ = {isa = PBXFileReference; lastKnownFileType = sourcecode.swift; path = FwiFormParam.swift; sourceTree = "<group>"; };
		__PBXFileRef_Sources/FwiJSONModel.swift /* FwiJSONModel.swift */ = {isa = PBXFileReference; lastKnownFileType = sourcecode.swift; path = FwiJSONModel.swift; sourceTree = "<group>"; };
		__PBXFileRef_Sources/FwiLocalization.swift /* FwiLocalization.swift */ = {isa = PBXFileReference; lastKnownFileType = sourcecode.swift; path = FwiLocalization.swift; sourceTree = "<group>"; };
		__PBXFileRef_Sources/FwiMultipartParam.swift /* FwiMultipartParam.swift */ = {isa = PBXFileReference; lastKnownFileType = sourcecode.swift; path = FwiMultipartParam.swift; sourceTree = "<group>"; };
		__PBXFileRef_Sources/FwiNetworkManager.swift /* FwiNetwork.swift */ = {isa = PBXFileReference; lastKnownFileType = sourcecode.swift; path = FwiNetwork.swift; sourceTree = "<group>"; };
		__PBXFileRef_Sources/FwiOperation.swift /* FwiOperation.swift */ = {isa = PBXFileReference; lastKnownFileType = sourcecode.swift; path = FwiOperation.swift; sourceTree = "<group>"; };
		__PBXFileRef_Sources/FwiPersistentManager.swift /* FwiPersistentManager.swift */ = {isa = PBXFileReference; lastKnownFileType = sourcecode.swift; path = FwiPersistentManager.swift; sourceTree = "<group>"; };
		__PBXFileRef_Sources/FwiReachability.swift /* FwiReachability.swift */ = {isa = PBXFileReference; lastKnownFileType = sourcecode.swift; path = FwiReachability.swift; sourceTree = "<group>"; };
		__PBXFileRef_Sources/FwiReflector.swift /* FwiReflector.swift */ = {isa = PBXFileReference; lastKnownFileType = sourcecode.swift; path = FwiReflector.swift; sourceTree = "<group>"; };
		"__PBXFileRef_Sources/NSCoding+FwiExtension.swift" /* NSCoding+FwiExtension.swift */ = {isa = PBXFileReference; lastKnownFileType = sourcecode.swift; path = "NSCoding+FwiExtension.swift"; sourceTree = "<group>"; };
		"__PBXFileRef_Sources/NSManagedObject+FwiExtension.swift" /* NSManagedObject+FwiExtension.swift */ = {isa = PBXFileReference; lastKnownFileType = sourcecode.swift; path = "NSManagedObject+FwiExtension.swift"; sourceTree = "<group>"; };
		"__PBXFileRef_Sources/NSNumber+FwiExtension.swift" /* NSNumber+FwiExtension.swift */ = {isa = PBXFileReference; lastKnownFileType = sourcecode.swift; path = "NSNumber+FwiExtension.swift"; sourceTree = "<group>"; };
		"__PBXFileRef_Sources/String+FwiBase64.swift" /* String+FwiBase64.swift */ = {isa = PBXFileReference; lastKnownFileType = sourcecode.swift; path = "String+FwiBase64.swift"; sourceTree = "<group>"; };
		"__PBXFileRef_Sources/String+FwiExtension.swift" /* String+FwiExtension.swift */ = {isa = PBXFileReference; lastKnownFileType = sourcecode.swift; path = "String+FwiExtension.swift"; sourceTree = "<group>"; };
		"__PBXFileRef_Sources/String+FwiHex.swift" /* String+FwiHex.swift */ = {isa = PBXFileReference; lastKnownFileType = sourcecode.swift; path = "String+FwiHex.swift"; sourceTree = "<group>"; };
		"__PBXFileRef_Sources/UIApplication+FwiExtension.swift" /* UIApplication+FwiExtension.swift */ = {isa = PBXFileReference; lastKnownFileType = sourcecode.swift; path = "UIApplication+FwiExtension.swift"; sourceTree = "<group>"; };
		"__PBXFileRef_Sources/UIButton+FwiExtension.swift" /* UIButton+FwiExtension.swift */ = {isa = PBXFileReference; lastKnownFileType = sourcecode.swift; path = "UIButton+FwiExtension.swift"; sourceTree = "<group>"; };
		"__PBXFileRef_Sources/UIColor+FwiExtension.swift" /* UIColor+FwiExtension.swift */ = {isa = PBXFileReference; lastKnownFileType = sourcecode.swift; path = "UIColor+FwiExtension.swift"; sourceTree = "<group>"; };
		"__PBXFileRef_Sources/UINavigationController+FwiExtension.swift" /* UINavigationController+FwiExtension.swift */ = {isa = PBXFileReference; lastKnownFileType = sourcecode.swift; path = "UINavigationController+FwiExtension.swift"; sourceTree = "<group>"; };
		"__PBXFileRef_Sources/UISplitViewController+FwiExtension.swift" /* UISplitViewController+FwiExtension.swift */ = {isa = PBXFileReference; lastKnownFileType = sourcecode.swift; path = "UISplitViewController+FwiExtension.swift"; sourceTree = "<group>"; };
		"__PBXFileRef_Sources/UITableViewController+FwiExtension.swift" /* UITableViewController+FwiExtension.swift */ = {isa = PBXFileReference; lastKnownFileType = sourcecode.swift; path = "UITableViewController+FwiExtension.swift"; sourceTree = "<group>"; };
		"__PBXFileRef_Sources/UIView+FwiExtension.swift" /* UIView+FwiExtension.swift */ = {isa = PBXFileReference; lastKnownFileType = sourcecode.swift; path = "UIView+FwiExtension.swift"; sourceTree = "<group>"; };
		"__PBXFileRef_Sources/UIViewController+FwiExtension.swift" /* UIViewController+FwiExtension.swift */ = {isa = PBXFileReference; lastKnownFileType = sourcecode.swift; path = "UIViewController+FwiExtension.swift"; sourceTree = "<group>"; };
		"__PBXFileRef_Sources/URL+FwiExtension.swift" /* URL+FwiExtension.swift */ = {isa = PBXFileReference; lastKnownFileType = sourcecode.swift; path = "URL+FwiExtension.swift"; sourceTree = "<group>"; };
		"__PBXFileRef_Sources/URLRequest+FwiExtension.swift" /* URLRequest+FwiExtension.swift */ = {isa = PBXFileReference; lastKnownFileType = sourcecode.swift; path = "URLRequest+FwiExtension.swift"; sourceTree = "<group>"; };
		__PBXFileRef_Tests/FwiCoreTests/FwiCoreTests.swift /* FwiCoreTests.swift */ = {isa = PBXFileReference; lastKnownFileType = sourcecode.swift; path = FwiCoreTests.swift; sourceTree = "<group>"; };
		"_____Product_FwiCore" /* FwiCore.framework */ = {isa = PBXFileReference; explicitFileType = wrapper.framework; path = FwiCore.framework; sourceTree = BUILT_PRODUCTS_DIR; };
		"_____Product_FwiCoreTests" /* FwiCoreTests.xctest */ = {isa = PBXFileReference; explicitFileType = wrapper.cfbundle; path = FwiCoreTests.xctest; sourceTree = BUILT_PRODUCTS_DIR; };
/* End PBXFileReference section */

/* Begin PBXFrameworksBuildPhase section */
		"___LinkPhase_FwiCore" /* Frameworks */ = {
			isa = PBXFrameworksBuildPhase;
			buildActionMask = 0;
			files = (
			);
			runOnlyForDeploymentPostprocessing = 0;
		};
		"___LinkPhase_FwiCoreTests" /* Frameworks */ = {
			isa = PBXFrameworksBuildPhase;
			buildActionMask = 0;
			files = (
				_LinkFileRef_FwiCore_via_FwiCoreTests /* FwiCore.framework in Frameworks */,
			);
			runOnlyForDeploymentPostprocessing = 0;
		};
/* End PBXFrameworksBuildPhase section */

/* Begin PBXGroup section */
		BE8207ED1DC7A97C0095358C /* param */ = {
			isa = PBXGroup;
			children = (
				__PBXFileRef_Sources/FwiDataParam.swift /* FwiDataParam.swift */,
				__PBXFileRef_Sources/FwiFormParam.swift /* FwiFormParam.swift */,
				__PBXFileRef_Sources/FwiMultipartParam.swift /* FwiMultipartParam.swift */,
			);
			name = param;
			sourceTree = "<group>";
		};
		BE8BF12A1D832C4200F710CB /* codec */ = {
			isa = PBXGroup;
			children = (
				BE8BF12B1D832C7C00F710CB /* base64 */,
				BE8BF12C1D832C8700F710CB /* hex */,
			);
			name = codec;
			sourceTree = "<group>";
		};
		BE8BF12B1D832C7C00F710CB /* base64 */ = {
			isa = PBXGroup;
			children = (
				"__PBXFileRef_Sources/Data+FwiBase64.swift" /* Data+FwiBase64.swift */,
				"__PBXFileRef_Sources/String+FwiBase64.swift" /* String+FwiBase64.swift */,
			);
			name = base64;
			sourceTree = "<group>";
		};
		BE8BF12C1D832C8700F710CB /* hex */ = {
			isa = PBXGroup;
			children = (
				"__PBXFileRef_Sources/Data+FwiHex.swift" /* Data+FwiHex.swift */,
				"__PBXFileRef_Sources/String+FwiHex.swift" /* String+FwiHex.swift */,
			);
			name = hex;
			sourceTree = "<group>";
		};
		BE8BF12D1D832CC900F710CB /* extension */ = {
			isa = PBXGroup;
			children = (
				BE8BF12F1D832CEF00F710CB /* foundation */,
				BE8BF12E1D832CE900F710CB /* ui */,
			);
			name = extension;
			sourceTree = "<group>";
		};
		BE8BF12E1D832CE900F710CB /* ui */ = {
			isa = PBXGroup;
			children = (
				"__PBXFileRef_Sources/UIApplication+FwiExtension.swift" /* UIApplication+FwiExtension.swift */,
				"__PBXFileRef_Sources/UIButton+FwiExtension.swift" /* UIButton+FwiExtension.swift */,
				"__PBXFileRef_Sources/UIColor+FwiExtension.swift" /* UIColor+FwiExtension.swift */,
				"__PBXFileRef_Sources/UINavigationController+FwiExtension.swift" /* UINavigationController+FwiExtension.swift */,
				"__PBXFileRef_Sources/UISplitViewController+FwiExtension.swift" /* UISplitViewController+FwiExtension.swift */,
				"__PBXFileRef_Sources/UITableViewController+FwiExtension.swift" /* UITableViewController+FwiExtension.swift */,
				"__PBXFileRef_Sources/UIView+FwiExtension.swift" /* UIView+FwiExtension.swift */,
				"__PBXFileRef_Sources/UIViewController+FwiExtension.swift" /* UIViewController+FwiExtension.swift */,
			);
			name = ui;
			sourceTree = "<group>";
		};
		BE8BF12F1D832CEF00F710CB /* foundation */ = {
			isa = PBXGroup;
			children = (
				"__PBXFileRef_Sources/Data+FwiExtension.swift" /* Data+FwiExtension.swift */,
				BE78D91D1D98D0F800091D5D /* Dictionary+FwiExtension.swift */,
				"__PBXFileRef_Sources/FileManager+FwiExtension.swift" /* FileManager+FwiExtension.swift */,
				"__PBXFileRef_Sources/NSCoding+FwiExtension.swift" /* NSCoding+FwiExtension.swift */,
				"__PBXFileRef_Sources/NSManagedObject+FwiExtension.swift" /* NSManagedObject+FwiExtension.swift */,
				"__PBXFileRef_Sources/NSNumber+FwiExtension.swift" /* NSNumber+FwiExtension.swift */,
				"__PBXFileRef_Sources/String+FwiExtension.swift" /* String+FwiExtension.swift */,
				"__PBXFileRef_Sources/URL+FwiExtension.swift" /* URL+FwiExtension.swift */,
				"__PBXFileRef_Sources/URLRequest+FwiExtension.swift" /* URLRequest+FwiExtension.swift */,
			);
			name = foundation;
			sourceTree = "<group>";
		};
		BE8BF1301D832D8700F710CB /* i18n */ = {
			isa = PBXGroup;
			children = (
				__PBXFileRef_Sources/FwiLocalization.swift /* FwiLocalization.swift */,
			);
			name = i18n;
			sourceTree = "<group>";
		};
		BE8BF1311D832E8700F710CB /* json */ = {
			isa = PBXGroup;
			children = (
				__PBXFileRef_Sources/FwiReflector.swift /* FwiReflector.swift */,
				__PBXFileRef_Sources/FwiJSONModel.swift /* FwiJSONModel.swift */,
				BEA221C21D8E26C60001761E /* FwiJSONMapper.swift */,
				BE9850E71DC8705F00C3A279 /* FwiJSONSerialization.swift */,
				BE9850E61DC8705F00C3A279 /* FwiJSONDeserialization.swift */,
			);
			name = json;
			sourceTree = "<group>";
		};
		BE8BF1321D832EC300F710CB /* manager */ = {
			isa = PBXGroup;
			children = (
				BE8BF1331D832ED000F710CB /* network */,
				BE8BF1341D832EE000F710CB /* persistent */,
				BE8BF1351D832F0400F710CB /* reachability */,
			);
			name = manager;
			sourceTree = "<group>";
		};
		BE8BF1331D832ED000F710CB /* network */ = {
			isa = PBXGroup;
			children = (
				BE8207ED1DC7A97C0095358C /* param */,
				__PBXFileRef_Sources/FwiNetworkManager.swift /* FwiNetwork.swift */,
				BE8207EE1DC7A9AD0095358C /* FwiNetworkProtocol.swift */,
			);
			name = network;
			sourceTree = "<group>";
		};
		BE8BF1341D832EE000F710CB /* persistent */ = {
			isa = PBXGroup;
			children = (
				__PBXFileRef_Sources/FwiCoreData.swift /* FwiCoreData.swift */,
				__PBXFileRef_Sources/FwiPersistentManager.swift /* FwiPersistentManager.swift */,
			);
			name = persistent;
			sourceTree = "<group>";
		};
		BE8BF1351D832F0400F710CB /* reachability */ = {
			isa = PBXGroup;
			children = (
				__PBXFileRef_Sources/FwiReachability.swift /* FwiReachability.swift */,
			);
			name = reachability;
			sourceTree = "<group>";
		};
		BE8BF1361D832F3900F710CB /* view_model */ = {
			isa = PBXGroup;
			children = (
				__PBXFileRef_Sources/FwiEntityViewModel.swift /* FwiEntityViewModel.swift */,
				__PBXFileRef_Sources/FwiEntityCollectionViewModel.swift /* FwiEntityCollectionViewModel.swift */,
				__PBXFileRef_Sources/FwiEntityTableViewModel.swift /* FwiEntityTableViewModel.swift */,
			);
			name = view_model;
			sourceTree = "<group>";
		};
		BE8BF1371D832FDE00F710CB /* operation */ = {
			isa = PBXGroup;
			children = (
				__PBXFileRef_Sources/FwiOperation.swift /* FwiOperation.swift */,
			);
			name = operation;
			sourceTree = "<group>";
		};
		BE8BF13A1D8464F500F710CB /* extension */ = {
			isa = PBXGroup;
			children = (
				BE8BF15E1D84667300F710CB /* foundation */,
			);
			name = extension;
			sourceTree = "<group>";
		};
		BE8BF13B1D84650500F710CB /* codec */ = {
			isa = PBXGroup;
			children = (
				BE8BF1441D8465A000F710CB /* base64 */,
				BE8BF1451D8465A800F710CB /* hex */,
			);
			name = codec;
			sourceTree = "<group>";
		};
		BE8BF13C1D84651400F710CB /* i18n */ = {
			isa = PBXGroup;
			children = (
			);
			name = i18n;
			sourceTree = "<group>";
		};
		BE8BF13D1D84652500F710CB /* json */ = {
			isa = PBXGroup;
			children = (
				BE8BF1571D84663100F710CB /* FwiReflectorTest.swift */,
				BEA221C41D8E26D10001761E /* FwiJSONMapperTest.swift */,
			);
			name = json;
			sourceTree = "<group>";
		};
		BE8BF13E1D84653400F710CB /* manager */ = {
			isa = PBXGroup;
			children = (
				BE8BF1411D84656C00F710CB /* network */,
				BE8BF1421D84657300F710CB /* persistent */,
				BE8BF1431D84657E00F710CB /* reachability */,
			);
			name = manager;
			sourceTree = "<group>";
		};
		BE8BF13F1D84654200F710CB /* operation */ = {
			isa = PBXGroup;
			children = (
				BE8BF15C1D84665C00F710CB /* FwiOperationTest.swift */,
			);
			name = operation;
			sourceTree = "<group>";
		};
		BE8BF1401D84654700F710CB /* view_model */ = {
			isa = PBXGroup;
			children = (
			);
			name = view_model;
			sourceTree = "<group>";
		};
		BE8BF1411D84656C00F710CB /* network */ = {
			isa = PBXGroup;
			children = (
				BE8BF15A1D84664000F710CB /* FwiNetworkProtocolTest.swift */,
			);
			name = network;
			sourceTree = "<group>";
		};
		BE8BF1421D84657300F710CB /* persistent */ = {
			isa = PBXGroup;
			children = (
				BEF4FFE61D92964A008B9BFE /* FwiPersistentManagerTest.swift */,
			);
			name = persistent;
			sourceTree = "<group>";
		};
		BE8BF1431D84657E00F710CB /* reachability */ = {
			isa = PBXGroup;
			children = (
				BE09033F1D8E69B900ECF980 /* FwiReachabilityTest.swift */,
			);
			name = reachability;
			sourceTree = "<group>";
		};
		BE8BF1441D8465A000F710CB /* base64 */ = {
			isa = PBXGroup;
			children = (
				BE8BF1461D8465BC00F710CB /* Data+FwiBase64Test.swift */,
			);
			name = base64;
			sourceTree = "<group>";
		};
		BE8BF1451D8465A800F710CB /* hex */ = {
			isa = PBXGroup;
			children = (
				BE8BF1481D8465CE00F710CB /* Data+FwiHexTest.swift */,
			);
			name = hex;
			sourceTree = "<group>";
		};
		BE8BF15E1D84667300F710CB /* foundation */ = {
			isa = PBXGroup;
			children = (
				BE8BF14A1D84661C00F710CB /* Data+FwiExtensionTest.swift */,
				BE8BF14B1D84661C00F710CB /* FileManager+FwiExtensionTest.swift */,
				BE8BF14C1D84661C00F710CB /* NSNumber+FwiExtensionTest.swift */,
				BE8BF14D1D84661C00F710CB /* String+FwiExtensionTest.swift */,
				BE8BF14E1D84661C00F710CB /* URL+FwiExtensionTest.swift */,
				BE8BF14F1D84661C00F710CB /* URLRequest+FwiExtensionTest.swift */,
			);
			name = foundation;
			sourceTree = "<group>";
		};
		BEF4FFD91D928C52008B9BFE /* Resources */ = {
			isa = PBXGroup;
			children = (
				BEF4FFE11D929509008B9BFE /* model */,
				BEF4FFDA1D9293D0008B9BFE /* Sample.xcdatamodeld */,
			);
			name = Resources;
			path = Tests/Resources;
			sourceTree = "<group>";
		};
		BEF4FFE11D929509008B9BFE /* model */ = {
			isa = PBXGroup;
			children = (
				BEF4FFE21D929509008B9BFE /* Person+CoreDataClass.swift */,
				BEF4FFE31D929509008B9BFE /* Person+CoreDataProperties.swift */,
			);
			path = model;
			sourceTree = "<group>";
		};
		TestProducts_ /* Tests */ = {
			isa = PBXGroup;
			children = (
				"_____Product_FwiCoreTests" /* FwiCoreTests.xctest */,
			);
			name = Tests;
			sourceTree = "<group>";
		};
		"___RootGroup_" = {
			isa = PBXGroup;
			children = (
				__PBXFileRef_Package.swift /* Package.swift */,
				"_____Sources_" /* Sources */,
				"_______Tests_" /* Tests */,
				"_____Configs_" /* Configs */,
				"____Products_" /* Products */,
			);
			sourceTree = "<group>";
		};
		"____Products_" /* Products */ = {
			isa = PBXGroup;
			children = (
				TestProducts_ /* Tests */,
				"_____Product_FwiCore" /* FwiCore.framework */,
			);
			name = Products;
			sourceTree = "<group>";
		};
		"_____Configs_" /* Configs */ = {
			isa = PBXGroup;
			children = (
				BE1735B61D89C13B00738B1F /* lib-debug.xcconfig */,
				BE1735B71D89C13B00738B1F /* lib-release.xcconfig */,
				BE1735B81D89C13B00738B1F /* project-debug.xcconfig */,
				BE1735B91D89C13B00738B1F /* project-release.xcconfig */,
				BE1735BA1D89C13B00738B1F /* test-debug.xcconfig */,
				BE1735BB1D89C13B00738B1F /* test-release.xcconfig */,
			);
			name = Configs;
			sourceTree = "<group>";
		};
		"_____Sources_" /* Sources */ = {
			isa = PBXGroup;
			children = (
				"_______Group_FwiCore" /* FwiCore */,
			);
			name = Sources;
			sourceTree = "<group>";
		};
		"_______Group_FwiCore" /* FwiCore */ = {
			isa = PBXGroup;
			children = (
				__PBXFileRef_Sources/FwiCore.swift /* FwiCore.swift */,
				BEA221C71D8E40110001761E /* FwiCoreDeprecated.swift */,
				BE8BF12D1D832CC900F710CB /* extension */,
				BE8BF12A1D832C4200F710CB /* codec */,
				BE8BF1301D832D8700F710CB /* i18n */,
				BE8BF1311D832E8700F710CB /* json */,
				BE8BF1321D832EC300F710CB /* manager */,
				BE8BF1371D832FDE00F710CB /* operation */,
				BE8BF1361D832F3900F710CB /* view_model */,
			);
			name = FwiCore;
			path = Sources;
			sourceTree = "<group>";
		};
		"_______Group_FwiCoreTests" /* FwiCoreTests */ = {
			isa = PBXGroup;
			children = (
				__PBXFileRef_Tests/FwiCoreTests/FwiCoreTests.swift /* FwiCoreTests.swift */,
				BE8BF13A1D8464F500F710CB /* extension */,
				BE8BF13B1D84650500F710CB /* codec */,
				BE8BF13C1D84651400F710CB /* i18n */,
				BE8BF13D1D84652500F710CB /* json */,
				BE8BF13E1D84653400F710CB /* manager */,
				BE8BF13F1D84654200F710CB /* operation */,
				BE8BF1401D84654700F710CB /* view_model */,
			);
			name = FwiCoreTests;
			path = Tests/FwiCoreTests;
			sourceTree = "<group>";
		};
		"_______Tests_" /* Tests */ = {
			isa = PBXGroup;
			children = (
				"_______Group_FwiCoreTests" /* FwiCoreTests */,
				BEF4FFD91D928C52008B9BFE /* Resources */,
			);
			name = Tests;
			sourceTree = "<group>";
		};
/* End PBXGroup section */

/* Begin PBXNativeTarget section */
		"______Target_FwiCore" /* FwiCore */ = {
			isa = PBXNativeTarget;
			buildConfigurationList = "_______Confs_FwiCore" /* Build configuration list for PBXNativeTarget "FwiCore" */;
			buildPhases = (
				CompilePhase_FwiCore /* Sources */,
				"___LinkPhase_FwiCore" /* Frameworks */,
			);
			buildRules = (
			);
			dependencies = (
			);
			name = FwiCore;
			productName = FwiCore;
			productReference = "_____Product_FwiCore" /* FwiCore.framework */;
			productType = "com.apple.product-type.framework";
		};
		"______Target_FwiCoreTests" /* FwiCoreTests */ = {
			isa = PBXNativeTarget;
			buildConfigurationList = "_______Confs_FwiCoreTests" /* Build configuration list for PBXNativeTarget "FwiCoreTests" */;
			buildPhases = (
				CompilePhase_FwiCoreTests /* Sources */,
				BEF4FFE81D929751008B9BFE /* Resources */,
				"___LinkPhase_FwiCoreTests" /* Frameworks */,
			);
			buildRules = (
			);
			dependencies = (
				__Dependency_FwiCore /* PBXTargetDependency */,
			);
			name = FwiCoreTests;
			productName = FwiCoreTests;
			productReference = "_____Product_FwiCoreTests" /* FwiCoreTests.xctest */;
			productType = "com.apple.product-type.bundle.unit-test";
		};
/* End PBXNativeTarget section */

/* Begin PBXProject section */
		__RootObject_ /* Project object */ = {
			isa = PBXProject;
			attributes = {
				CLASSPREFIX = Fwi;
				LastUpgradeCheck = 0810;
				ORGANIZATIONNAME = "Fiision Studio";
			};
			buildConfigurationList = "___RootConfs_" /* Build configuration list for PBXProject "FwiCore" */;
			compatibilityVersion = "Xcode 3.2";
			developmentRegion = English;
			hasScannedForEncodings = 0;
			knownRegions = (
				en,
			);
			mainGroup = "___RootGroup_";
			productRefGroup = "____Products_" /* Products */;
			projectDirPath = "";
			projectRoot = "";
			targets = (
				"______Target_FwiCore" /* FwiCore */,
				"______Target_FwiCoreTests" /* FwiCoreTests */,
			);
		};
/* End PBXProject section */

/* Begin PBXResourcesBuildPhase section */
		BEF4FFE81D929751008B9BFE /* Resources */ = {
			isa = PBXResourcesBuildPhase;
			buildActionMask = 2147483647;
			files = (
				BEF4FFE91D92975C008B9BFE /* Sample.xcdatamodeld in Resources */,
			);
			runOnlyForDeploymentPostprocessing = 0;
		};
/* End PBXResourcesBuildPhase section */

/* Begin PBXSourcesBuildPhase section */
		CompilePhase_FwiCore /* Sources */ = {
			isa = PBXSourcesBuildPhase;
			buildActionMask = 0;
			files = (
				"__src_cc_ref_Sources/Data+FwiBase64.swift" /* Data+FwiBase64.swift in Sources */,
				BE8207EF1DC7A9AD0095358C /* FwiNetworkProtocol.swift in Sources */,
				"__src_cc_ref_Sources/Data+FwiExtension.swift" /* Data+FwiExtension.swift in Sources */,
				"__src_cc_ref_Sources/Data+FwiHex.swift" /* Data+FwiHex.swift in Sources */,
				"__src_cc_ref_Sources/FileManager+FwiExtension.swift" /* FileManager+FwiExtension.swift in Sources */,
				__src_cc_ref_Sources/FwiCore.swift /* FwiCore.swift in Sources */,
				BE9850E81DC8705F00C3A279 /* FwiJSONDeserialization.swift in Sources */,
				__src_cc_ref_Sources/FwiCoreData.swift /* FwiCoreData.swift in Sources */,
				__src_cc_ref_Sources/FwiDataParam.swift /* FwiDataParam.swift in Sources */,
				__src_cc_ref_Sources/FwiEntityCollectionViewModel.swift /* FwiEntityCollectionViewModel.swift in Sources */,
				__src_cc_ref_Sources/FwiEntityTableViewModel.swift /* FwiEntityTableViewModel.swift in Sources */,
				BE9850E91DC8705F00C3A279 /* FwiJSONSerialization.swift in Sources */,
				__src_cc_ref_Sources/FwiEntityViewModel.swift /* FwiEntityViewModel.swift in Sources */,
				BE78D9441D98D8DA00091D5D /* Dictionary+FwiExtension.swift in Sources */,
				__src_cc_ref_Sources/FwiFormParam.swift /* FwiFormParam.swift in Sources */,
				__src_cc_ref_Sources/FwiJSONModel.swift /* FwiJSONModel.swift in Sources */,
				__src_cc_ref_Sources/FwiLocalization.swift /* FwiLocalization.swift in Sources */,
				__src_cc_ref_Sources/FwiMultipartParam.swift /* FwiMultipartParam.swift in Sources */,
				BEA221C81D8E40110001761E /* FwiCoreDeprecated.swift in Sources */,
				__src_cc_ref_Sources/FwiNetworkManager.swift /* FwiNetwork.swift in Sources */,
				__src_cc_ref_Sources/FwiOperation.swift /* FwiOperation.swift in Sources */,
				__src_cc_ref_Sources/FwiPersistentManager.swift /* FwiPersistentManager.swift in Sources */,
				__src_cc_ref_Sources/FwiReachability.swift /* FwiReachability.swift in Sources */,
				__src_cc_ref_Sources/FwiReflector.swift /* FwiReflector.swift in Sources */,
				"__src_cc_ref_Sources/NSCoding+FwiExtension.swift" /* NSCoding+FwiExtension.swift in Sources */,
				"__src_cc_ref_Sources/NSManagedObject+FwiExtension.swift" /* NSManagedObject+FwiExtension.swift in Sources */,
				"__src_cc_ref_Sources/NSNumber+FwiExtension.swift" /* NSNumber+FwiExtension.swift in Sources */,
				"__src_cc_ref_Sources/String+FwiBase64.swift" /* String+FwiBase64.swift in Sources */,
				"__src_cc_ref_Sources/String+FwiExtension.swift" /* String+FwiExtension.swift in Sources */,
				"__src_cc_ref_Sources/String+FwiHex.swift" /* String+FwiHex.swift in Sources */,
				"__src_cc_ref_Sources/UIApplication+FwiExtension.swift" /* UIApplication+FwiExtension.swift in Sources */,
				"__src_cc_ref_Sources/UIButton+FwiExtension.swift" /* UIButton+FwiExtension.swift in Sources */,
				"__src_cc_ref_Sources/UIColor+FwiExtension.swift" /* UIColor+FwiExtension.swift in Sources */,
				"__src_cc_ref_Sources/UINavigationController+FwiExtension.swift" /* UINavigationController+FwiExtension.swift in Sources */,
				"__src_cc_ref_Sources/UISplitViewController+FwiExtension.swift" /* UISplitViewController+FwiExtension.swift in Sources */,
				"__src_cc_ref_Sources/UITableViewController+FwiExtension.swift" /* UITableViewController+FwiExtension.swift in Sources */,
				"__src_cc_ref_Sources/UIView+FwiExtension.swift" /* UIView+FwiExtension.swift in Sources */,
				"__src_cc_ref_Sources/UIViewController+FwiExtension.swift" /* UIViewController+FwiExtension.swift in Sources */,
				"__src_cc_ref_Sources/URL+FwiExtension.swift" /* URL+FwiExtension.swift in Sources */,
				"__src_cc_ref_Sources/URLRequest+FwiExtension.swift" /* URLRequest+FwiExtension.swift in Sources */,
				BEA221C31D8E26C60001761E /* FwiJSONMapper.swift in Sources */,
			);
			runOnlyForDeploymentPostprocessing = 0;
		};
		CompilePhase_FwiCoreTests /* Sources */ = {
			isa = PBXSourcesBuildPhase;
			buildActionMask = 0;
			files = (
				BEF4FFE41D929509008B9BFE /* Person+CoreDataClass.swift in Sources */,
				BEF4FFE71D92964A008B9BFE /* FwiPersistentManagerTest.swift in Sources */,
				BE8BF1511D84661C00F710CB /* FileManager+FwiExtensionTest.swift in Sources */,
				BE8BF1491D8465CE00F710CB /* Data+FwiHexTest.swift in Sources */,
				BE8BF1521D84661C00F710CB /* NSNumber+FwiExtensionTest.swift in Sources */,
				__src_cc_ref_Tests/FwiCoreTests/FwiCoreTests.swift /* FwiCoreTests.swift in Sources */,
				BEF4FFE51D929509008B9BFE /* Person+CoreDataProperties.swift in Sources */,
				BE8BF1591D84663100F710CB /* FwiReflectorTest.swift in Sources */,
				BE8BF15D1D84665C00F710CB /* FwiOperationTest.swift in Sources */,
				BEA221C61D8E27C10001761E /* FwiJSONMapperTest.swift in Sources */,
				BE8BF15B1D84664000F710CB /* FwiNetworkProtocolTest.swift in Sources */,
				BE8BF1551D84661C00F710CB /* URLRequest+FwiExtensionTest.swift in Sources */,
				BEF4FFDC1D9293D0008B9BFE /* Sample.xcdatamodeld in Sources */,
				BE0903401D8E69B900ECF980 /* FwiReachabilityTest.swift in Sources */,
				BE8BF1501D84661C00F710CB /* Data+FwiExtensionTest.swift in Sources */,
				BE8BF1471D8465BC00F710CB /* Data+FwiBase64Test.swift in Sources */,
				BE8BF1541D84661C00F710CB /* URL+FwiExtensionTest.swift in Sources */,
				BE8BF1531D84661C00F710CB /* String+FwiExtensionTest.swift in Sources */,
			);
			runOnlyForDeploymentPostprocessing = 0;
		};
/* End PBXSourcesBuildPhase section */

/* Begin PBXTargetDependency section */
		__Dependency_FwiCore /* PBXTargetDependency */ = {
			isa = PBXTargetDependency;
			target = "______Target_FwiCore" /* FwiCore */;
			targetProxy = BE8BF1291D832B3600F710CB /* PBXContainerItemProxy */;
		};
/* End PBXTargetDependency section */

/* Begin XCBuildConfiguration section */
		_ReleaseConf_FwiCore /* Release */ = {
			isa = XCBuildConfiguration;
			baseConfigurationReference = BE1735B71D89C13B00738B1F /* lib-release.xcconfig */;
			buildSettings = {
				OTHER_LDFLAGS = "$(inherited)";
				PRODUCT_BUNDLE_IDENTIFIER = com.fiision.lib.FwiCore;
				PRODUCT_MODULE_NAME = "$(TARGET_NAME:c99extidentifier)";
				PRODUCT_NAME = "$(TARGET_NAME:c99extidentifier)";
			};
			name = Release;
		};
		_ReleaseConf_FwiCoreTests /* Release */ = {
			isa = XCBuildConfiguration;
			baseConfigurationReference = BE1735BB1D89C13B00738B1F /* test-release.xcconfig */;
			buildSettings = {
				OTHER_LDFLAGS = "$(inherited)";
			};
			name = Release;
		};
		"___DebugConf_FwiCore" /* Debug */ = {
			isa = XCBuildConfiguration;
			baseConfigurationReference = BE1735B61D89C13B00738B1F /* lib-debug.xcconfig */;
			buildSettings = {
				OTHER_LDFLAGS = "$(inherited)";
				PRODUCT_BUNDLE_IDENTIFIER = com.fiision.lib.FwiCore;
				PRODUCT_MODULE_NAME = "$(TARGET_NAME:c99extidentifier)";
				PRODUCT_NAME = "$(TARGET_NAME:c99extidentifier)";
			};
			name = Debug;
		};
		"___DebugConf_FwiCoreTests" /* Debug */ = {
			isa = XCBuildConfiguration;
			baseConfigurationReference = BE1735BA1D89C13B00738B1F /* test-debug.xcconfig */;
			buildSettings = {
				OTHER_LDFLAGS = "$(inherited)";
			};
			name = Debug;
		};
		"_____Release_" /* Release */ = {
			isa = XCBuildConfiguration;
			baseConfigurationReference = BE1735B91D89C13B00738B1F /* project-release.xcconfig */;
			buildSettings = {
			};
			name = Release;
		};
		"_______Debug_" /* Debug */ = {
			isa = XCBuildConfiguration;
			baseConfigurationReference = BE1735B81D89C13B00738B1F /* project-debug.xcconfig */;
			buildSettings = {
			};
			name = Debug;
		};
/* End XCBuildConfiguration section */

/* Begin XCConfigurationList section */
		"___RootConfs_" /* Build configuration list for PBXProject "FwiCore" */ = {
			isa = XCConfigurationList;
			buildConfigurations = (
				"_______Debug_" /* Debug */,
				"_____Release_" /* Release */,
			);
			defaultConfigurationIsVisible = 0;
			defaultConfigurationName = Release;
		};
		"_______Confs_FwiCore" /* Build configuration list for PBXNativeTarget "FwiCore" */ = {
			isa = XCConfigurationList;
			buildConfigurations = (
				"___DebugConf_FwiCore" /* Debug */,
				_ReleaseConf_FwiCore /* Release */,
			);
			defaultConfigurationIsVisible = 0;
			defaultConfigurationName = Release;
		};
		"_______Confs_FwiCoreTests" /* Build configuration list for PBXNativeTarget "FwiCoreTests" */ = {
			isa = XCConfigurationList;
			buildConfigurations = (
				"___DebugConf_FwiCoreTests" /* Debug */,
				_ReleaseConf_FwiCoreTests /* Release */,
			);
			defaultConfigurationIsVisible = 0;
			defaultConfigurationName = Release;
		};
/* End XCConfigurationList section */

/* Begin XCVersionGroup section */
		BEF4FFDA1D9293D0008B9BFE /* Sample.xcdatamodeld */ = {
			isa = XCVersionGroup;
			children = (
				BEF4FFDB1D9293D0008B9BFE /* Sample.xcdatamodel */,
			);
			currentVersion = BEF4FFDB1D9293D0008B9BFE /* Sample.xcdatamodel */;
			path = Sample.xcdatamodeld;
			sourceTree = "<group>";
			versionGroupType = wrapper.xcdatamodel;
		};
/* End XCVersionGroup section */
	};
	rootObject = __RootObject_ /* Project object */;
}
