// !$*UTF8*$!
{
	archiveVersion = 1;
	classes = {
	};
	objectVersion = 46;
	objects = {

/* Begin PBXBuildFile section */
		5ECD67C1220BCF4B00C318C5 /* CocoaLumberjack.framework in Frameworks */ = {isa = PBXBuildFile; fileRef = 5ECD67BF220BCF4B00C318C5 /* CocoaLumberjack.framework */; };
		5ECD67C2220BCF4B00C318C5 /* CocoaLumberjackSwift.framework in Frameworks */ = {isa = PBXBuildFile; fileRef = 5ECD67C0220BCF4B00C318C5 /* CocoaLumberjackSwift.framework */; };
		5ECD67C3220BCF6E00C318C5 /* CocoaLumberjack.framework in Frameworks */ = {isa = PBXBuildFile; fileRef = 5ECD67BF220BCF4B00C318C5 /* CocoaLumberjack.framework */; };
		5ECD67C4220BCF6E00C318C5 /* CocoaLumberjackSwift.framework in Frameworks */ = {isa = PBXBuildFile; fileRef = 5ECD67C0220BCF4B00C318C5 /* CocoaLumberjackSwift.framework */; };
		5ECD67C5220BCFCA00C318C5 /* CocoaLumberjack.framework in Frameworks */ = {isa = PBXBuildFile; fileRef = 5ECD67BF220BCF4B00C318C5 /* CocoaLumberjack.framework */; };
		5ECD67C6220BCFCA00C318C5 /* CocoaLumberjackSwift.framework in Frameworks */ = {isa = PBXBuildFile; fileRef = 5ECD67C0220BCF4B00C318C5 /* CocoaLumberjackSwift.framework */; };
		5ECD67C8220BF87400C318C5 /* FwiLog.swift in Sources */ = {isa = PBXBuildFile; fileRef = 5ECD67C7220BF87400C318C5 /* FwiLog.swift */; };
		5ECD67CB220BFB2E00C318C5 /* FwiPlistProtocol.swift in Sources */ = {isa = PBXBuildFile; fileRef = 5ECD67CA220BFB2E00C318C5 /* FwiPlistProtocol.swift */; };
		5ECD67CE220BFF9200C318C5 /* FwiDisposableProtocol.swift in Sources */ = {isa = PBXBuildFile; fileRef = 5ECD67CD220BFF9200C318C5 /* FwiDisposableProtocol.swift */; };
		5ECD67D1220C010B00C318C5 /* FwiContainerViewProtocol.swift in Sources */ = {isa = PBXBuildFile; fileRef = 5ECD67D0220C010B00C318C5 /* FwiContainerViewProtocol.swift */; };
		5ECD67D3220C018D00C318C5 /* FwiDismissProtocol.swift in Sources */ = {isa = PBXBuildFile; fileRef = 5ECD67D2220C018D00C318C5 /* FwiDismissProtocol.swift */; };
		5ECD67D6220C02D100C318C5 /* FwiKeyboardAnimationProtocol.swift in Sources */ = {isa = PBXBuildFile; fileRef = 5ECD67D5220C02D100C318C5 /* FwiKeyboardAnimationProtocol.swift */; };
		5ECD67D9220C046B00C318C5 /* FwiKeyboardInfo.swift in Sources */ = {isa = PBXBuildFile; fileRef = 5ECD67D8220C046B00C318C5 /* FwiKeyboardInfo.swift */; };
		5ECD67DB220C12BA00C318C5 /* FwiDraggableViewProtocol.swift in Sources */ = {isa = PBXBuildFile; fileRef = 5ECD67DA220C12BA00C318C5 /* FwiDraggableViewProtocol.swift */; };
		5ECD67DD220C16C100C318C5 /* FwiCancelableProtocol.swift in Sources */ = {isa = PBXBuildFile; fileRef = 5ECD67DC220C16C100C318C5 /* FwiCancelableProtocol.swift */; };
		5ECD67DF220C191000C318C5 /* FwiOptionalTypeProtocol.swift in Sources */ = {isa = PBXBuildFile; fileRef = 5ECD67DE220C191000C318C5 /* FwiOptionalTypeProtocol.swift */; };
		5ECD67E2220C1A8600C318C5 /* ObservableType+FwiExtension.swift in Sources */ = {isa = PBXBuildFile; fileRef = 5ECD67E1220C1A8600C318C5 /* ObservableType+FwiExtension.swift */; };
		5ECD67E4220C1B1900C318C5 /* Optional+FwiExtension.swift in Sources */ = {isa = PBXBuildFile; fileRef = 5ECD67E3220C1B1900C318C5 /* Optional+FwiExtension.swift */; };
		5ECD67E6220C20AE00C318C5 /* FwiActivityIndicator.swift in Sources */ = {isa = PBXBuildFile; fileRef = 5ECD67E5220C20AE00C318C5 /* FwiActivityIndicator.swift */; };
		5ECD67E8220C238600C318C5 /* FwiActivityTrackingProtocol.swift in Sources */ = {isa = PBXBuildFile; fileRef = 5ECD67E7220C238600C318C5 /* FwiActivityTrackingProtocol.swift */; };
		5ED8D0192207DB5E00E8BE60 /* FwiOperator+iOS.swift in Sources */ = {isa = PBXBuildFile; fileRef = 5ED8D0182207DB5E00E8BE60 /* FwiOperator+iOS.swift */; };
		5ED8D01D2207DD2200E8BE60 /* FwiPluggableApplicationDelegate+CloudKit.swift in Sources */ = {isa = PBXBuildFile; fileRef = 5ED8D01B2207DD2200E8BE60 /* FwiPluggableApplicationDelegate+CloudKit.swift */; };
		5ED8D01E2207DD2200E8BE60 /* FwiPluggableApplicationDelegate.swift in Sources */ = {isa = PBXBuildFile; fileRef = 5ED8D01C2207DD2200E8BE60 /* FwiPluggableApplicationDelegate.swift */; };
		5ED8D0212207DDD000E8BE60 /* FwiPluggableApplicationDelegateService.swift in Sources */ = {isa = PBXBuildFile; fileRef = 5ED8D0202207DDCF00E8BE60 /* FwiPluggableApplicationDelegateService.swift */; };
		5ED8D0232207E09B00E8BE60 /* FwiPluggableServiceProviderProtocol.swift in Sources */ = {isa = PBXBuildFile; fileRef = 5ED8D0222207E09B00E8BE60 /* FwiPluggableServiceProviderProtocol.swift */; };
		BE1579DF220447C9001F57D9 /* FwiOperator.swift in Sources */ = {isa = PBXBuildFile; fileRef = BE1579DE220447C9001F57D9 /* FwiOperator.swift */; };
		BE19C3141F77F8F1003DF3D8 /* FwiCoreData+RX.swift in Sources */ = {isa = PBXBuildFile; fileRef = BE19C30B1F77F8DF003DF3D8 /* FwiCoreData+RX.swift */; };
		BE19C3171F77F8F1003DF3D8 /* FwiNetwork+RX.swift in Sources */ = {isa = PBXBuildFile; fileRef = BE19C30C1F77F8DF003DF3D8 /* FwiNetwork+RX.swift */; };
		BE19C3181F77F8F1003DF3D8 /* FwiViewModel.swift in Sources */ = {isa = PBXBuildFile; fileRef = BE19C30A1F77F8DE003DF3D8 /* FwiViewModel.swift */; };
		BE6B962D1FF2A8E900BCDEFC /* FwiLocalization.swift in Sources */ = {isa = PBXBuildFile; fileRef = BE91D84C1F701AF600EEE620 /* FwiLocalization.swift */; };
		BE73154721002ED400C569A6 /* FwiCollectionViewVM.swift in Sources */ = {isa = PBXBuildFile; fileRef = BE73152421002ED300C569A6 /* FwiCollectionViewVM.swift */; };
		BE73154821002ED400C569A6 /* FwiGenericTableViewVM.swift in Sources */ = {isa = PBXBuildFile; fileRef = BE73154221002ED300C569A6 /* FwiGenericTableViewVM.swift */; };
		BE73154921002ED400C569A6 /* FwiTableViewVM.swift in Sources */ = {isa = PBXBuildFile; fileRef = BE73154321002ED400C569A6 /* FwiTableViewVM.swift */; };
		BE73154A21002ED400C569A6 /* FwiGenericCollectionViewVM.swift in Sources */ = {isa = PBXBuildFile; fileRef = BE73154421002ED400C569A6 /* FwiGenericCollectionViewVM.swift */; };
		BE73154B21002ED400C569A6 /* FwiGenericTableViewCellVM.swift in Sources */ = {isa = PBXBuildFile; fileRef = BE73154521002ED400C569A6 /* FwiGenericTableViewCellVM.swift */; };
		BE73154C21002ED400C569A6 /* FwiGenericCollectionViewCellVM.swift in Sources */ = {isa = PBXBuildFile; fileRef = BE73154621002ED400C569A6 /* FwiGenericCollectionViewCellVM.swift */; };
		BE7A1D6D1FEC129F0004B986 /* KeyedDecodingContainer+FwiExtensionTest.swift in Sources */ = {isa = PBXBuildFile; fileRef = BE7A1D6C1FEC129F0004B986 /* KeyedDecodingContainer+FwiExtensionTest.swift */; };
		BE7EA4771FEAB69C00B73ECA /* NSCoding+FwiExtensionTest.swift in Sources */ = {isa = PBXBuildFile; fileRef = BE7EA4761FEAB69C00B73ECA /* NSCoding+FwiExtensionTest.swift */; };
		BE8BF1471D8465BC00F710CB /* Data+FwiBase64Test.swift in Sources */ = {isa = PBXBuildFile; fileRef = BE8BF1461D8465BC00F710CB /* Data+FwiBase64Test.swift */; };
		BE8BF1491D8465CE00F710CB /* Data+FwiHexTest.swift in Sources */ = {isa = PBXBuildFile; fileRef = BE8BF1481D8465CE00F710CB /* Data+FwiHexTest.swift */; };
		BE8BF1501D84661C00F710CB /* Data+FwiExtensionTest.swift in Sources */ = {isa = PBXBuildFile; fileRef = BE8BF14A1D84661C00F710CB /* Data+FwiExtensionTest.swift */; };
		BE8BF1511D84661C00F710CB /* FileManager+FwiExtensionTest.swift in Sources */ = {isa = PBXBuildFile; fileRef = BE8BF14B1D84661C00F710CB /* FileManager+FwiExtensionTest.swift */; };
		BE8BF1521D84661C00F710CB /* NSNumber+FwiExtensionTest.swift in Sources */ = {isa = PBXBuildFile; fileRef = BE8BF14C1D84661C00F710CB /* NSNumber+FwiExtensionTest.swift */; };
		BE8BF1531D84661C00F710CB /* String+FwiExtensionTest.swift in Sources */ = {isa = PBXBuildFile; fileRef = BE8BF14D1D84661C00F710CB /* String+FwiExtensionTest.swift */; };
		BE91D84B1F7019C300EEE620 /* FwiCore.swift in Sources */ = {isa = PBXBuildFile; fileRef = BE91D84A1F7019C300EEE620 /* FwiCore.swift */; };
		BE91D87F1F701B7900EEE620 /* Data+FwiBase64.swift in Sources */ = {isa = PBXBuildFile; fileRef = BE91D87D1F701B7900EEE620 /* Data+FwiBase64.swift */; };
		BE91D8801F701B7900EEE620 /* String+FwiBase64.swift in Sources */ = {isa = PBXBuildFile; fileRef = BE91D87E1F701B7900EEE620 /* String+FwiBase64.swift */; };
		BE91D8B51F70273700EEE620 /* URL+FwiExtension.swift in Sources */ = {isa = PBXBuildFile; fileRef = BE91D8AD1F70273700EEE620 /* URL+FwiExtension.swift */; };
		BE91D8B61F70273700EEE620 /* NSCoding+FwiExtension.swift in Sources */ = {isa = PBXBuildFile; fileRef = BE91D8AE1F70273700EEE620 /* NSCoding+FwiExtension.swift */; };
		BE91D8B71F70273700EEE620 /* Data+FwiExtension.swift in Sources */ = {isa = PBXBuildFile; fileRef = BE91D8AF1F70273700EEE620 /* Data+FwiExtension.swift */; };
		BE91D8B81F70273700EEE620 /* NSNumber+FwiExtension.swift in Sources */ = {isa = PBXBuildFile; fileRef = BE91D8B01F70273700EEE620 /* NSNumber+FwiExtension.swift */; };
		BE91D8B91F70273700EEE620 /* Codable+FwiExtension.swift in Sources */ = {isa = PBXBuildFile; fileRef = BE91D8B11F70273700EEE620 /* Codable+FwiExtension.swift */; };
		BE91D8BA1F70273700EEE620 /* Dictionary+FwiExtension.swift in Sources */ = {isa = PBXBuildFile; fileRef = BE91D8B21F70273700EEE620 /* Dictionary+FwiExtension.swift */; };
		BE91D8BB1F70273700EEE620 /* FileManager+FwiExtension.swift in Sources */ = {isa = PBXBuildFile; fileRef = BE91D8B31F70273700EEE620 /* FileManager+FwiExtension.swift */; };
		BE91D8BC1F70273700EEE620 /* String+FwiExtension.swift in Sources */ = {isa = PBXBuildFile; fileRef = BE91D8B41F70273700EEE620 /* String+FwiExtension.swift */; };
		BE91D8C81F70277C00EEE620 /* UIButton+FwiExtension.swift in Sources */ = {isa = PBXBuildFile; fileRef = BE91D8BE1F70277C00EEE620 /* UIButton+FwiExtension.swift */; };
		BE91D8C91F70277C00EEE620 /* FwiStoryboard.swift in Sources */ = {isa = PBXBuildFile; fileRef = BE91D8BF1F70277C00EEE620 /* FwiStoryboard.swift */; };
		BE91D8CA1F70277C00EEE620 /* UIView+FwiExtension.swift in Sources */ = {isa = PBXBuildFile; fileRef = BE91D8C01F70277C00EEE620 /* UIView+FwiExtension.swift */; };
		BE91D8CB1F70277C00EEE620 /* UIApplication+FwiExtension.swift in Sources */ = {isa = PBXBuildFile; fileRef = BE91D8C11F70277C00EEE620 /* UIApplication+FwiExtension.swift */; };
		BE91D8CC1F70277C00EEE620 /* FwiCell.swift in Sources */ = {isa = PBXBuildFile; fileRef = BE91D8C21F70277C00EEE620 /* FwiCell.swift */; };
		BE91D8CD1F70277C00EEE620 /* UISplitViewController+FwiExtension.swift in Sources */ = {isa = PBXBuildFile; fileRef = BE91D8C31F70277C00EEE620 /* UISplitViewController+FwiExtension.swift */; };
		BE91D8CE1F70277C00EEE620 /* UITableViewController+FwiExtension.swift in Sources */ = {isa = PBXBuildFile; fileRef = BE91D8C41F70277C00EEE620 /* UITableViewController+FwiExtension.swift */; };
		BE91D8CF1F70277C00EEE620 /* UIViewController+FwiExtension.swift in Sources */ = {isa = PBXBuildFile; fileRef = BE91D8C51F70277C00EEE620 /* UIViewController+FwiExtension.swift */; };
		BE91D8D01F70277C00EEE620 /* UINavigationController+FwiExtension.swift in Sources */ = {isa = PBXBuildFile; fileRef = BE91D8C61F70277C00EEE620 /* UINavigationController+FwiExtension.swift */; };
		BE91D8D31F7027C300EEE620 /* Data+FwiHex.swift in Sources */ = {isa = PBXBuildFile; fileRef = BE91D8D11F7027C300EEE620 /* Data+FwiHex.swift */; };
		BE91D8D41F7027C300EEE620 /* String+FwiHex.swift in Sources */ = {isa = PBXBuildFile; fileRef = BE91D8D21F7027C300EEE620 /* String+FwiHex.swift */; };
		BE91D8D81F7027EA00EEE620 /* FwiNetwork.swift in Sources */ = {isa = PBXBuildFile; fileRef = BE91D8D61F7027EA00EEE620 /* FwiNetwork.swift */; };
		BE91D9311F703E2C00EEE620 /* FwiCore.framework in Frameworks */ = {isa = PBXBuildFile; fileRef = "_____Product_FwiCore" /* FwiCore.framework */; };
		BE9F61FB1F7183C300BE4B0B /* FwiCoreData.swift in Sources */ = {isa = PBXBuildFile; fileRef = BE9F61FA1F7183C300BE4B0B /* FwiCoreData.swift */; };
		BEA89C4B1F9A6DB00099413F /* UIImage+FwiExtension.swift in Sources */ = {isa = PBXBuildFile; fileRef = BEA89C4A1F9A6DAF0099413F /* UIImage+FwiExtension.swift */; };
		BEB230B221FC0B20008ED2C7 /* Codable+FwiExtensionTest.swift in Sources */ = {isa = PBXBuildFile; fileRef = BEB230B121FC0B20008ED2C7 /* Codable+FwiExtensionTest.swift */; };
		BEC851DA22111ED200C25DA6 /* FwiCore+Deprecated.swift in Sources */ = {isa = PBXBuildFile; fileRef = BEC851D922111ED200C25DA6 /* FwiCore+Deprecated.swift */; };
		BED7E468212B9A91008DE156 /* Alamofire.framework in Frameworks */ = {isa = PBXBuildFile; fileRef = BED7E467212B9A91008DE156 /* Alamofire.framework */; };
		BED7E469212B9AB4008DE156 /* Alamofire.framework in Frameworks */ = {isa = PBXBuildFile; fileRef = BED7E467212B9A91008DE156 /* Alamofire.framework */; };
		BED7E46B212B9AB4008DE156 /* RxSwift.framework in Frameworks */ = {isa = PBXBuildFile; fileRef = BED7E46A212B9AB4008DE156 /* RxSwift.framework */; };
		BED7E46D212B9AF7008DE156 /* RxCocoa.framework in Frameworks */ = {isa = PBXBuildFile; fileRef = BED7E46C212B9AF7008DE156 /* RxCocoa.framework */; };
		BEDBB4DA1FE9D48C00059325 /* Array+FwiExtension.swift in Sources */ = {isa = PBXBuildFile; fileRef = BEDBB4BC1FE9D48B00059325 /* Array+FwiExtension.swift */; };
		BEDBB4DC1FE9D57B00059325 /* KeyedDecodingContainer+FwiExtension.swift in Sources */ = {isa = PBXBuildFile; fileRef = BEDBB4DB1FE9D57B00059325 /* KeyedDecodingContainer+FwiExtension.swift */; };
		BEDBB4E01FE9DB7900059325 /* UIAlertController+FwiExtension.swift in Sources */ = {isa = PBXBuildFile; fileRef = BEDBB4DF1FE9DB7900059325 /* UIAlertController+FwiExtension.swift */; };
		BEDF614221591C38006BC59B /* Alamofire.framework in Frameworks */ = {isa = PBXBuildFile; fileRef = BED7E467212B9A91008DE156 /* Alamofire.framework */; };
		BEF01E7A1F71214800F25389 /* NSManagedObject+FwiExtension.swift in Sources */ = {isa = PBXBuildFile; fileRef = BEF01E791F71214700F25389 /* NSManagedObject+FwiExtension.swift */; };
		_LinkFileRef_FwiCore_via_FwiCoreTests /* FwiCore.framework in Frameworks */ = {isa = PBXBuildFile; fileRef = "_____Product_FwiCore" /* FwiCore.framework */; };
/* End PBXBuildFile section */

/* Begin PBXContainerItemProxy section */
		BE8BF1291D832B3600F710CB /* PBXContainerItemProxy */ = {
			isa = PBXContainerItemProxy;
			containerPortal = __RootObject_ /* Project object */;
			proxyType = 1;
			remoteGlobalIDString = "______Target_FwiCore";
			remoteInfo = FwiCore;
		};
/* End PBXContainerItemProxy section */

/* Begin PBXFileReference section */
		5ECD67BF220BCF4B00C318C5 /* CocoaLumberjack.framework */ = {isa = PBXFileReference; lastKnownFileType = wrapper.framework; name = CocoaLumberjack.framework; path = ../../../../../Carthage/Build/iOS/CocoaLumberjack.framework; sourceTree = "<group>"; };
		5ECD67C0220BCF4B00C318C5 /* CocoaLumberjackSwift.framework */ = {isa = PBXFileReference; lastKnownFileType = wrapper.framework; name = CocoaLumberjackSwift.framework; path = ../../../../../Carthage/Build/iOS/CocoaLumberjackSwift.framework; sourceTree = "<group>"; };
		5ECD67C7220BF87400C318C5 /* FwiLog.swift */ = {isa = PBXFileReference; lastKnownFileType = sourcecode.swift; name = FwiLog.swift; path = FwiCore/FwiLog.swift; sourceTree = "<group>"; };
		5ECD67CA220BFB2E00C318C5 /* FwiPlistProtocol.swift */ = {isa = PBXFileReference; lastKnownFileType = sourcecode.swift; name = FwiPlistProtocol.swift; path = FwiCore/FwiPlistProtocol.swift; sourceTree = "<group>"; };
		5ECD67CD220BFF9200C318C5 /* FwiDisposableProtocol.swift */ = {isa = PBXFileReference; lastKnownFileType = sourcecode.swift; path = FwiDisposableProtocol.swift; sourceTree = "<group>"; };
		5ECD67D0220C010B00C318C5 /* FwiContainerViewProtocol.swift */ = {isa = PBXFileReference; lastKnownFileType = sourcecode.swift; path = FwiContainerViewProtocol.swift; sourceTree = "<group>"; };
		5ECD67D2220C018D00C318C5 /* FwiDismissProtocol.swift */ = {isa = PBXFileReference; lastKnownFileType = sourcecode.swift; path = FwiDismissProtocol.swift; sourceTree = "<group>"; };
		5ECD67D5220C02D100C318C5 /* FwiKeyboardAnimationProtocol.swift */ = {isa = PBXFileReference; lastKnownFileType = sourcecode.swift; path = FwiKeyboardAnimationProtocol.swift; sourceTree = "<group>"; };
		5ECD67D8220C046B00C318C5 /* FwiKeyboardInfo.swift */ = {isa = PBXFileReference; lastKnownFileType = sourcecode.swift; path = FwiKeyboardInfo.swift; sourceTree = "<group>"; };
		5ECD67DA220C12BA00C318C5 /* FwiDraggableViewProtocol.swift */ = {isa = PBXFileReference; lastKnownFileType = sourcecode.swift; path = FwiDraggableViewProtocol.swift; sourceTree = "<group>"; };
		5ECD67DC220C16C100C318C5 /* FwiCancelableProtocol.swift */ = {isa = PBXFileReference; lastKnownFileType = sourcecode.swift; path = FwiCancelableProtocol.swift; sourceTree = "<group>"; };
		5ECD67DE220C191000C318C5 /* FwiOptionalTypeProtocol.swift */ = {isa = PBXFileReference; lastKnownFileType = sourcecode.swift; path = FwiOptionalTypeProtocol.swift; sourceTree = "<group>"; };
		5ECD67E1220C1A8600C318C5 /* ObservableType+FwiExtension.swift */ = {isa = PBXFileReference; lastKnownFileType = sourcecode.swift; path = "ObservableType+FwiExtension.swift"; sourceTree = "<group>"; };
		5ECD67E3220C1B1900C318C5 /* Optional+FwiExtension.swift */ = {isa = PBXFileReference; lastKnownFileType = sourcecode.swift; path = "Optional+FwiExtension.swift"; sourceTree = "<group>"; };
		5ECD67E5220C20AE00C318C5 /* FwiActivityIndicator.swift */ = {isa = PBXFileReference; lastKnownFileType = sourcecode.swift; path = FwiActivityIndicator.swift; sourceTree = "<group>"; };
		5ECD67E7220C238600C318C5 /* FwiActivityTrackingProtocol.swift */ = {isa = PBXFileReference; lastKnownFileType = sourcecode.swift; path = FwiActivityTrackingProtocol.swift; sourceTree = "<group>"; };
		5ED8D0182207DB5E00E8BE60 /* FwiOperator+iOS.swift */ = {isa = PBXFileReference; lastKnownFileType = sourcecode.swift; path = "FwiOperator+iOS.swift"; sourceTree = "<group>"; };
		5ED8D01B2207DD2200E8BE60 /* FwiPluggableApplicationDelegate+CloudKit.swift */ = {isa = PBXFileReference; fileEncoding = 4; lastKnownFileType = sourcecode.swift; name = "FwiPluggableApplicationDelegate+CloudKit.swift"; path = "FwiCore/FwiPluggableApplicationDelegate+CloudKit.swift"; sourceTree = "<group>"; };
		5ED8D01C2207DD2200E8BE60 /* FwiPluggableApplicationDelegate.swift */ = {isa = PBXFileReference; fileEncoding = 4; lastKnownFileType = sourcecode.swift; name = FwiPluggableApplicationDelegate.swift; path = FwiCore/FwiPluggableApplicationDelegate.swift; sourceTree = "<group>"; };
		5ED8D0202207DDCF00E8BE60 /* FwiPluggableApplicationDelegateService.swift */ = {isa = PBXFileReference; fileEncoding = 4; lastKnownFileType = sourcecode.swift; name = FwiPluggableApplicationDelegateService.swift; path = FwiCore/FwiPluggableApplicationDelegateService.swift; sourceTree = "<group>"; };
		5ED8D0222207E09B00E8BE60 /* FwiPluggableServiceProviderProtocol.swift */ = {isa = PBXFileReference; fileEncoding = 4; lastKnownFileType = sourcecode.swift; name = FwiPluggableServiceProviderProtocol.swift; path = FwiCore/FwiPluggableServiceProviderProtocol.swift; sourceTree = "<group>"; };
		BE1579DE220447C9001F57D9 /* FwiOperator.swift */ = {isa = PBXFileReference; lastKnownFileType = sourcecode.swift; path = FwiOperator.swift; sourceTree = "<group>"; };
		BE1735B61D89C13B00738B1F /* lib-debug.xcconfig */ = {isa = PBXFileReference; lastKnownFileType = text.xcconfig; name = "lib-debug.xcconfig"; path = "FwiCore.xcodeproj/Configs/lib-debug.xcconfig"; sourceTree = "<group>"; };
		BE1735B71D89C13B00738B1F /* lib-release.xcconfig */ = {isa = PBXFileReference; lastKnownFileType = text.xcconfig; name = "lib-release.xcconfig"; path = "FwiCore.xcodeproj/Configs/lib-release.xcconfig"; sourceTree = "<group>"; };
		BE1735B81D89C13B00738B1F /* project-debug.xcconfig */ = {isa = PBXFileReference; lastKnownFileType = text.xcconfig; name = "project-debug.xcconfig"; path = "FwiCore.xcodeproj/Configs/project-debug.xcconfig"; sourceTree = "<group>"; };
		BE1735B91D89C13B00738B1F /* project-release.xcconfig */ = {isa = PBXFileReference; lastKnownFileType = text.xcconfig; name = "project-release.xcconfig"; path = "FwiCore.xcodeproj/Configs/project-release.xcconfig"; sourceTree = "<group>"; };
		BE1735BA1D89C13B00738B1F /* test-debug.xcconfig */ = {isa = PBXFileReference; lastKnownFileType = text.xcconfig; name = "test-debug.xcconfig"; path = "FwiCore.xcodeproj/Configs/test-debug.xcconfig"; sourceTree = "<group>"; };
		BE1735BB1D89C13B00738B1F /* test-release.xcconfig */ = {isa = PBXFileReference; lastKnownFileType = text.xcconfig; name = "test-release.xcconfig"; path = "FwiCore.xcodeproj/Configs/test-release.xcconfig"; sourceTree = "<group>"; };
		BE19C30A1F77F8DE003DF3D8 /* FwiViewModel.swift */ = {isa = PBXFileReference; fileEncoding = 4; lastKnownFileType = sourcecode.swift; path = FwiViewModel.swift; sourceTree = "<group>"; };
		BE19C30B1F77F8DF003DF3D8 /* FwiCoreData+RX.swift */ = {isa = PBXFileReference; fileEncoding = 4; lastKnownFileType = sourcecode.swift; path = "FwiCoreData+RX.swift"; sourceTree = "<group>"; };
		BE19C30C1F77F8DF003DF3D8 /* FwiNetwork+RX.swift */ = {isa = PBXFileReference; fileEncoding = 4; lastKnownFileType = sourcecode.swift; path = "FwiNetwork+RX.swift"; sourceTree = "<group>"; };
		BE73152421002ED300C569A6 /* FwiCollectionViewVM.swift */ = {isa = PBXFileReference; fileEncoding = 4; lastKnownFileType = sourcecode.swift; path = FwiCollectionViewVM.swift; sourceTree = "<group>"; };
		BE73154221002ED300C569A6 /* FwiGenericTableViewVM.swift */ = {isa = PBXFileReference; fileEncoding = 4; lastKnownFileType = sourcecode.swift; path = FwiGenericTableViewVM.swift; sourceTree = "<group>"; };
		BE73154321002ED400C569A6 /* FwiTableViewVM.swift */ = {isa = PBXFileReference; fileEncoding = 4; lastKnownFileType = sourcecode.swift; path = FwiTableViewVM.swift; sourceTree = "<group>"; };
		BE73154421002ED400C569A6 /* FwiGenericCollectionViewVM.swift */ = {isa = PBXFileReference; fileEncoding = 4; lastKnownFileType = sourcecode.swift; path = FwiGenericCollectionViewVM.swift; sourceTree = "<group>"; };
		BE73154521002ED400C569A6 /* FwiGenericTableViewCellVM.swift */ = {isa = PBXFileReference; fileEncoding = 4; lastKnownFileType = sourcecode.swift; path = FwiGenericTableViewCellVM.swift; sourceTree = "<group>"; };
		BE73154621002ED400C569A6 /* FwiGenericCollectionViewCellVM.swift */ = {isa = PBXFileReference; fileEncoding = 4; lastKnownFileType = sourcecode.swift; path = FwiGenericCollectionViewCellVM.swift; sourceTree = "<group>"; };
		BE7A1D6C1FEC129F0004B986 /* KeyedDecodingContainer+FwiExtensionTest.swift */ = {isa = PBXFileReference; lastKnownFileType = sourcecode.swift; path = "KeyedDecodingContainer+FwiExtensionTest.swift"; sourceTree = "<group>"; };
		BE7EA4761FEAB69C00B73ECA /* NSCoding+FwiExtensionTest.swift */ = {isa = PBXFileReference; lastKnownFileType = sourcecode.swift; path = "NSCoding+FwiExtensionTest.swift"; sourceTree = "<group>"; };
		BE8BF1461D8465BC00F710CB /* Data+FwiBase64Test.swift */ = {isa = PBXFileReference; fileEncoding = 4; lastKnownFileType = sourcecode.swift; path = "Data+FwiBase64Test.swift"; sourceTree = "<group>"; };
		BE8BF1481D8465CE00F710CB /* Data+FwiHexTest.swift */ = {isa = PBXFileReference; fileEncoding = 4; lastKnownFileType = sourcecode.swift; path = "Data+FwiHexTest.swift"; sourceTree = "<group>"; };
		BE8BF14A1D84661C00F710CB /* Data+FwiExtensionTest.swift */ = {isa = PBXFileReference; fileEncoding = 4; lastKnownFileType = sourcecode.swift; path = "Data+FwiExtensionTest.swift"; sourceTree = "<group>"; };
		BE8BF14B1D84661C00F710CB /* FileManager+FwiExtensionTest.swift */ = {isa = PBXFileReference; fileEncoding = 4; lastKnownFileType = sourcecode.swift; path = "FileManager+FwiExtensionTest.swift"; sourceTree = "<group>"; };
		BE8BF14C1D84661C00F710CB /* NSNumber+FwiExtensionTest.swift */ = {isa = PBXFileReference; fileEncoding = 4; lastKnownFileType = sourcecode.swift; path = "NSNumber+FwiExtensionTest.swift"; sourceTree = "<group>"; };
		BE8BF14D1D84661C00F710CB /* String+FwiExtensionTest.swift */ = {isa = PBXFileReference; fileEncoding = 4; lastKnownFileType = sourcecode.swift; path = "String+FwiExtensionTest.swift"; sourceTree = "<group>"; };
		BE91D84A1F7019C300EEE620 /* FwiCore.swift */ = {isa = PBXFileReference; fileEncoding = 4; lastKnownFileType = sourcecode.swift; name = FwiCore.swift; path = FwiCore/FwiCore.swift; sourceTree = "<group>"; };
		BE91D84C1F701AF600EEE620 /* FwiLocalization.swift */ = {isa = PBXFileReference; lastKnownFileType = sourcecode.swift; name = FwiLocalization.swift; path = FwiCore/FwiLocalization.swift; sourceTree = "<group>"; };
		BE91D87D1F701B7900EEE620 /* Data+FwiBase64.swift */ = {isa = PBXFileReference; fileEncoding = 4; lastKnownFileType = sourcecode.swift; name = "Data+FwiBase64.swift"; path = "FwiCore/Data+FwiBase64.swift"; sourceTree = "<group>"; };
		BE91D87E1F701B7900EEE620 /* String+FwiBase64.swift */ = {isa = PBXFileReference; fileEncoding = 4; lastKnownFileType = sourcecode.swift; name = "String+FwiBase64.swift"; path = "FwiCore/String+FwiBase64.swift"; sourceTree = "<group>"; };
		BE91D8861F70239C00EEE620 /* FwiCoreRX.framework */ = {isa = PBXFileReference; explicitFileType = wrapper.framework; includeInIndex = 0; path = FwiCoreRX.framework; sourceTree = BUILT_PRODUCTS_DIR; };
		BE91D8AD1F70273700EEE620 /* URL+FwiExtension.swift */ = {isa = PBXFileReference; fileEncoding = 4; lastKnownFileType = sourcecode.swift; name = "URL+FwiExtension.swift"; path = "FwiCore/URL+FwiExtension.swift"; sourceTree = "<group>"; };
		BE91D8AE1F70273700EEE620 /* NSCoding+FwiExtension.swift */ = {isa = PBXFileReference; fileEncoding = 4; lastKnownFileType = sourcecode.swift; name = "NSCoding+FwiExtension.swift"; path = "FwiCore/NSCoding+FwiExtension.swift"; sourceTree = "<group>"; };
		BE91D8AF1F70273700EEE620 /* Data+FwiExtension.swift */ = {isa = PBXFileReference; fileEncoding = 4; lastKnownFileType = sourcecode.swift; name = "Data+FwiExtension.swift"; path = "FwiCore/Data+FwiExtension.swift"; sourceTree = "<group>"; };
		BE91D8B01F70273700EEE620 /* NSNumber+FwiExtension.swift */ = {isa = PBXFileReference; fileEncoding = 4; lastKnownFileType = sourcecode.swift; name = "NSNumber+FwiExtension.swift"; path = "FwiCore/NSNumber+FwiExtension.swift"; sourceTree = "<group>"; };
		BE91D8B11F70273700EEE620 /* Codable+FwiExtension.swift */ = {isa = PBXFileReference; fileEncoding = 4; lastKnownFileType = sourcecode.swift; name = "Codable+FwiExtension.swift"; path = "FwiCore/Codable+FwiExtension.swift"; sourceTree = "<group>"; };
		BE91D8B21F70273700EEE620 /* Dictionary+FwiExtension.swift */ = {isa = PBXFileReference; fileEncoding = 4; lastKnownFileType = sourcecode.swift; name = "Dictionary+FwiExtension.swift"; path = "FwiCore/Dictionary+FwiExtension.swift"; sourceTree = "<group>"; };
		BE91D8B31F70273700EEE620 /* FileManager+FwiExtension.swift */ = {isa = PBXFileReference; fileEncoding = 4; lastKnownFileType = sourcecode.swift; name = "FileManager+FwiExtension.swift"; path = "FwiCore/FileManager+FwiExtension.swift"; sourceTree = "<group>"; };
		BE91D8B41F70273700EEE620 /* String+FwiExtension.swift */ = {isa = PBXFileReference; fileEncoding = 4; lastKnownFileType = sourcecode.swift; name = "String+FwiExtension.swift"; path = "FwiCore/String+FwiExtension.swift"; sourceTree = "<group>"; };
		BE91D8BE1F70277C00EEE620 /* UIButton+FwiExtension.swift */ = {isa = PBXFileReference; fileEncoding = 4; lastKnownFileType = sourcecode.swift; name = "UIButton+FwiExtension.swift"; path = "FwiCore/UIButton+FwiExtension.swift"; sourceTree = "<group>"; };
		BE91D8BF1F70277C00EEE620 /* FwiStoryboard.swift */ = {isa = PBXFileReference; fileEncoding = 4; lastKnownFileType = sourcecode.swift; name = FwiStoryboard.swift; path = FwiCore/FwiStoryboard.swift; sourceTree = "<group>"; };
		BE91D8C01F70277C00EEE620 /* UIView+FwiExtension.swift */ = {isa = PBXFileReference; fileEncoding = 4; lastKnownFileType = sourcecode.swift; name = "UIView+FwiExtension.swift"; path = "FwiCore/UIView+FwiExtension.swift"; sourceTree = "<group>"; };
		BE91D8C11F70277C00EEE620 /* UIApplication+FwiExtension.swift */ = {isa = PBXFileReference; fileEncoding = 4; lastKnownFileType = sourcecode.swift; name = "UIApplication+FwiExtension.swift"; path = "FwiCore/UIApplication+FwiExtension.swift"; sourceTree = "<group>"; };
		BE91D8C21F70277C00EEE620 /* FwiCell.swift */ = {isa = PBXFileReference; fileEncoding = 4; lastKnownFileType = sourcecode.swift; name = FwiCell.swift; path = FwiCore/FwiCell.swift; sourceTree = "<group>"; };
		BE91D8C31F70277C00EEE620 /* UISplitViewController+FwiExtension.swift */ = {isa = PBXFileReference; fileEncoding = 4; lastKnownFileType = sourcecode.swift; name = "UISplitViewController+FwiExtension.swift"; path = "FwiCore/UISplitViewController+FwiExtension.swift"; sourceTree = "<group>"; };
		BE91D8C41F70277C00EEE620 /* UITableViewController+FwiExtension.swift */ = {isa = PBXFileReference; fileEncoding = 4; lastKnownFileType = sourcecode.swift; name = "UITableViewController+FwiExtension.swift"; path = "FwiCore/UITableViewController+FwiExtension.swift"; sourceTree = "<group>"; };
		BE91D8C51F70277C00EEE620 /* UIViewController+FwiExtension.swift */ = {isa = PBXFileReference; fileEncoding = 4; lastKnownFileType = sourcecode.swift; name = "UIViewController+FwiExtension.swift"; path = "FwiCore/UIViewController+FwiExtension.swift"; sourceTree = "<group>"; };
		BE91D8C61F70277C00EEE620 /* UINavigationController+FwiExtension.swift */ = {isa = PBXFileReference; fileEncoding = 4; lastKnownFileType = sourcecode.swift; name = "UINavigationController+FwiExtension.swift"; path = "FwiCore/UINavigationController+FwiExtension.swift"; sourceTree = "<group>"; };
		BE91D8D11F7027C300EEE620 /* Data+FwiHex.swift */ = {isa = PBXFileReference; fileEncoding = 4; lastKnownFileType = sourcecode.swift; name = "Data+FwiHex.swift"; path = "FwiCore/Data+FwiHex.swift"; sourceTree = "<group>"; };
		BE91D8D21F7027C300EEE620 /* String+FwiHex.swift */ = {isa = PBXFileReference; fileEncoding = 4; lastKnownFileType = sourcecode.swift; name = "String+FwiHex.swift"; path = "FwiCore/String+FwiHex.swift"; sourceTree = "<group>"; };
		BE91D8D61F7027EA00EEE620 /* FwiNetwork.swift */ = {isa = PBXFileReference; fileEncoding = 4; lastKnownFileType = sourcecode.swift; name = FwiNetwork.swift; path = FwiCore/FwiNetwork.swift; sourceTree = "<group>"; };
		BE9F61FA1F7183C300BE4B0B /* FwiCoreData.swift */ = {isa = PBXFileReference; fileEncoding = 4; lastKnownFileType = sourcecode.swift; name = FwiCoreData.swift; path = FwiCore/FwiCoreData.swift; sourceTree = "<group>"; };
		BEA89C4A1F9A6DAF0099413F /* UIImage+FwiExtension.swift */ = {isa = PBXFileReference; fileEncoding = 4; lastKnownFileType = sourcecode.swift; name = "UIImage+FwiExtension.swift"; path = "FwiCore/UIImage+FwiExtension.swift"; sourceTree = "<group>"; };
		BEB230B121FC0B20008ED2C7 /* Codable+FwiExtensionTest.swift */ = {isa = PBXFileReference; lastKnownFileType = sourcecode.swift; path = "Codable+FwiExtensionTest.swift"; sourceTree = "<group>"; };
		BEC851D922111ED200C25DA6 /* FwiCore+Deprecated.swift */ = {isa = PBXFileReference; lastKnownFileType = sourcecode.swift; path = "FwiCore+Deprecated.swift"; sourceTree = "<group>"; };
		BED7E467212B9A91008DE156 /* Alamofire.framework */ = {isa = PBXFileReference; lastKnownFileType = wrapper.framework; name = Alamofire.framework; path = Carthage/Build/iOS/Alamofire.framework; sourceTree = "<group>"; };
		BED7E46A212B9AB4008DE156 /* RxSwift.framework */ = {isa = PBXFileReference; lastKnownFileType = wrapper.framework; name = RxSwift.framework; path = Carthage/Build/iOS/RxSwift.framework; sourceTree = "<group>"; };
		BED7E46C212B9AF7008DE156 /* RxCocoa.framework */ = {isa = PBXFileReference; lastKnownFileType = wrapper.framework; name = RxCocoa.framework; path = Carthage/Build/iOS/RxCocoa.framework; sourceTree = "<group>"; };
		BEDBB4BC1FE9D48B00059325 /* Array+FwiExtension.swift */ = {isa = PBXFileReference; fileEncoding = 4; lastKnownFileType = sourcecode.swift; name = "Array+FwiExtension.swift"; path = "FwiCore/Array+FwiExtension.swift"; sourceTree = "<group>"; };
		BEDBB4DB1FE9D57B00059325 /* KeyedDecodingContainer+FwiExtension.swift */ = {isa = PBXFileReference; fileEncoding = 4; lastKnownFileType = sourcecode.swift; name = "KeyedDecodingContainer+FwiExtension.swift"; path = "FwiCore/KeyedDecodingContainer+FwiExtension.swift"; sourceTree = "<group>"; };
		BEDBB4DF1FE9DB7900059325 /* UIAlertController+FwiExtension.swift */ = {isa = PBXFileReference; lastKnownFileType = sourcecode.swift; name = "UIAlertController+FwiExtension.swift"; path = "FwiCore/UIAlertController+FwiExtension.swift"; sourceTree = "<group>"; };
		BEF01E791F71214700F25389 /* NSManagedObject+FwiExtension.swift */ = {isa = PBXFileReference; fileEncoding = 4; lastKnownFileType = sourcecode.swift; name = "NSManagedObject+FwiExtension.swift"; path = "FwiCore/NSManagedObject+FwiExtension.swift"; sourceTree = "<group>"; };
		"_____Product_FwiCore" /* FwiCore.framework */ = {isa = PBXFileReference; explicitFileType = wrapper.framework; path = FwiCore.framework; sourceTree = BUILT_PRODUCTS_DIR; };
		"_____Product_FwiCoreTests" /* FwiCoreTests.xctest */ = {isa = PBXFileReference; explicitFileType = wrapper.cfbundle; path = FwiCoreTests.xctest; sourceTree = BUILT_PRODUCTS_DIR; };
/* End PBXFileReference section */

/* Begin PBXFrameworksBuildPhase section */
		BE91D8821F70239C00EEE620 /* Frameworks */ = {
			isa = PBXFrameworksBuildPhase;
			buildActionMask = 2147483647;
			files = (
				BED7E469212B9AB4008DE156 /* Alamofire.framework in Frameworks */,
				BED7E46D212B9AF7008DE156 /* RxCocoa.framework in Frameworks */,
				BED7E46B212B9AB4008DE156 /* RxSwift.framework in Frameworks */,
				BE91D9311F703E2C00EEE620 /* FwiCore.framework in Frameworks */,
				5ECD67C3220BCF6E00C318C5 /* CocoaLumberjack.framework in Frameworks */,
				5ECD67C4220BCF6E00C318C5 /* CocoaLumberjackSwift.framework in Frameworks */,
			);
			runOnlyForDeploymentPostprocessing = 0;
		};
		"___LinkPhase_FwiCore" /* Frameworks */ = {
			isa = PBXFrameworksBuildPhase;
			buildActionMask = 0;
			files = (
				BED7E468212B9A91008DE156 /* Alamofire.framework in Frameworks */,
				5ECD67C1220BCF4B00C318C5 /* CocoaLumberjack.framework in Frameworks */,
				5ECD67C2220BCF4B00C318C5 /* CocoaLumberjackSwift.framework in Frameworks */,
			);
			runOnlyForDeploymentPostprocessing = 0;
		};
		"___LinkPhase_FwiCoreTests" /* Frameworks */ = {
			isa = PBXFrameworksBuildPhase;
			buildActionMask = 0;
			files = (
				BEDF614221591C38006BC59B /* Alamofire.framework in Frameworks */,
				_LinkFileRef_FwiCore_via_FwiCoreTests /* FwiCore.framework in Frameworks */,
				5ECD67C5220BCFCA00C318C5 /* CocoaLumberjack.framework in Frameworks */,
				5ECD67C6220BCFCA00C318C5 /* CocoaLumberjackSwift.framework in Frameworks */,
			);
			runOnlyForDeploymentPostprocessing = 0;
		};
/* End PBXFrameworksBuildPhase section */

/* Begin PBXGroup section */
		5ECD67C9220BFAF400C318C5 /* Plist */ = {
			isa = PBXGroup;
			children = (
				5ECD67CA220BFB2E00C318C5 /* FwiPlistProtocol.swift */,
			);
			name = Plist;
			sourceTree = "<group>";
		};
		5ECD67CC220BFF7B00C318C5 /* Protocol */ = {
			isa = PBXGroup;
			children = (
				5ECD67E7220C238600C318C5 /* FwiActivityTrackingProtocol.swift */,
				5ECD67D2220C018D00C318C5 /* FwiDismissProtocol.swift */,
				5ECD67CD220BFF9200C318C5 /* FwiDisposableProtocol.swift */,
				5ECD67DE220C191000C318C5 /* FwiOptionalTypeProtocol.swift */,
			);
			name = Protocol;
			sourceTree = "<group>";
		};
		5ECD67CF220C00EA00C318C5 /* Protocol */ = {
			isa = PBXGroup;
			children = (
				5ECD67DC220C16C100C318C5 /* FwiCancelableProtocol.swift */,
				5ECD67D0220C010B00C318C5 /* FwiContainerViewProtocol.swift */,
			);
			name = Protocol;
			sourceTree = "<group>";
		};
		5ECD67D4220C02A200C318C5 /* Animation */ = {
			isa = PBXGroup;
			children = (
				5ECD67DA220C12BA00C318C5 /* FwiDraggableViewProtocol.swift */,
				5ECD67D5220C02D100C318C5 /* FwiKeyboardAnimationProtocol.swift */,
			);
			name = Animation;
			sourceTree = "<group>";
		};
		5ECD67D7220C045300C318C5 /* Model */ = {
			isa = PBXGroup;
			children = (
				5ECD67D8220C046B00C318C5 /* FwiKeyboardInfo.swift */,
			);
			name = Model;
			sourceTree = "<group>";
		};
		5ECD67E0220C1A5B00C318C5 /* Extension */ = {
			isa = PBXGroup;
			children = (
				5ECD67E1220C1A8600C318C5 /* ObservableType+FwiExtension.swift */,
				5ECD67E3220C1B1900C318C5 /* Optional+FwiExtension.swift */,
			);
			name = Extension;
			sourceTree = "<group>";
		};
		5ED8D01A2207DD0300E8BE60 /* ApplicationDelegate */ = {
			isa = PBXGroup;
			children = (
				5ED8D01F2207DDBA00E8BE60 /* Service */,
				5ED8D01C2207DD2200E8BE60 /* FwiPluggableApplicationDelegate.swift */,
				5ED8D01B2207DD2200E8BE60 /* FwiPluggableApplicationDelegate+CloudKit.swift */,
			);
			name = ApplicationDelegate;
			sourceTree = "<group>";
		};
		5ED8D01F2207DDBA00E8BE60 /* Service */ = {
			isa = PBXGroup;
			children = (
				5ED8D0222207E09B00E8BE60 /* FwiPluggableServiceProviderProtocol.swift */,
				5ED8D0202207DDCF00E8BE60 /* FwiPluggableApplicationDelegateService.swift */,
			);
			name = Service;
			sourceTree = "<group>";
		};
		BE19C3191F77F920003DF3D8 /* CoreData */ = {
			isa = PBXGroup;
			children = (
				BE19C30B1F77F8DF003DF3D8 /* FwiCoreData+RX.swift */,
			);
			name = CoreData;
			sourceTree = "<group>";
		};
		BE2E7FA11FA0FAE3008E521F /* Json */ = {
			isa = PBXGroup;
			children = (
				BE91D8B11F70273700EEE620 /* Codable+FwiExtension.swift */,
				BEDBB4DB1FE9D57B00059325 /* KeyedDecodingContainer+FwiExtension.swift */,
			);
			name = Json;
			sourceTree = "<group>";
		};
		BE5574D61F684C7D0022E61C /* Debug */ = {
			isa = PBXGroup;
			children = (
				BE1735B81D89C13B00738B1F /* project-debug.xcconfig */,
				BE1735B61D89C13B00738B1F /* lib-debug.xcconfig */,
				BE1735BA1D89C13B00738B1F /* test-debug.xcconfig */,
			);
			name = Debug;
			sourceTree = "<group>";
		};
		BE5574D71F684C860022E61C /* Release */ = {
			isa = PBXGroup;
			children = (
				BE1735B91D89C13B00738B1F /* project-release.xcconfig */,
				BE1735B71D89C13B00738B1F /* lib-release.xcconfig */,
				BE1735BB1D89C13B00738B1F /* test-release.xcconfig */,
			);
			name = Release;
			sourceTree = "<group>";
		};
		BE66A7DF220290A300CBFE3C /* iOS */ = {
			isa = PBXGroup;
			children = (
				5ECD67CF220C00EA00C318C5 /* Protocol */,
				5ECD67D4220C02A200C318C5 /* Animation */,
				5ECD67D7220C045300C318C5 /* Model */,
				BE66A7E0220290BC00CBFE3C /* ViewModel */,
			);
			name = iOS;
			sourceTree = "<group>";
		};
		BE66A7E0220290BC00CBFE3C /* ViewModel */ = {
			isa = PBXGroup;
			children = (
				BE73152421002ED300C569A6 /* FwiCollectionViewVM.swift */,
				BE73154421002ED400C569A6 /* FwiGenericCollectionViewVM.swift */,
				BE73154621002ED400C569A6 /* FwiGenericCollectionViewCellVM.swift */,
				BE73154321002ED400C569A6 /* FwiTableViewVM.swift */,
				BE73154221002ED300C569A6 /* FwiGenericTableViewVM.swift */,
				BE73154521002ED400C569A6 /* FwiGenericTableViewCellVM.swift */,
			);
			name = ViewModel;
			sourceTree = "<group>";
		};
		BE66A7E1220290F600CBFE3C /* Extension */ = {
			isa = PBXGroup;
			children = (
				BE91D8C21F70277C00EEE620 /* FwiCell.swift */,
				BE91D8BF1F70277C00EEE620 /* FwiStoryboard.swift */,
				BE91D8BE1F70277C00EEE620 /* UIButton+FwiExtension.swift */,
				BEA89C4A1F9A6DAF0099413F /* UIImage+FwiExtension.swift */,
				BE91D8C01F70277C00EEE620 /* UIView+FwiExtension.swift */,
				BE91D8C11F70277C00EEE620 /* UIApplication+FwiExtension.swift */,
				BEDBB4DF1FE9DB7900059325 /* UIAlertController+FwiExtension.swift */,
				BE91D8C61F70277C00EEE620 /* UINavigationController+FwiExtension.swift */,
				BE91D8C31F70277C00EEE620 /* UISplitViewController+FwiExtension.swift */,
				BE91D8C41F70277C00EEE620 /* UITableViewController+FwiExtension.swift */,
				BE91D8C51F70277C00EEE620 /* UIViewController+FwiExtension.swift */,
			);
			name = Extension;
			sourceTree = "<group>";
		};
		BE7A1D6B1FEC12640004B986 /* Json */ = {
			isa = PBXGroup;
			children = (
				BEB230B121FC0B20008ED2C7 /* Codable+FwiExtensionTest.swift */,
				BE7A1D6C1FEC129F0004B986 /* KeyedDecodingContainer+FwiExtensionTest.swift */,
			);
			name = Json;
			sourceTree = "<group>";
		};
		BE8BF12A1D832C4200F710CB /* Codec */ = {
			isa = PBXGroup;
			children = (
				BE8BF12B1D832C7C00F710CB /* Base64 */,
				BE8BF12C1D832C8700F710CB /* Hex */,
			);
			name = Codec;
			sourceTree = "<group>";
		};
		BE8BF12B1D832C7C00F710CB /* Base64 */ = {
			isa = PBXGroup;
			children = (
				BE91D87D1F701B7900EEE620 /* Data+FwiBase64.swift */,
				BE91D87E1F701B7900EEE620 /* String+FwiBase64.swift */,
			);
			name = Base64;
			sourceTree = "<group>";
		};
		BE8BF12C1D832C8700F710CB /* Hex */ = {
			isa = PBXGroup;
			children = (
				BE91D8D11F7027C300EEE620 /* Data+FwiHex.swift */,
				BE91D8D21F7027C300EEE620 /* String+FwiHex.swift */,
			);
			name = Hex;
			sourceTree = "<group>";
		};
		BE8BF12D1D832CC900F710CB /* Extension */ = {
			isa = PBXGroup;
			children = (
				BE8BF12F1D832CEF00F710CB /* Foundation */,
			);
			name = Extension;
			sourceTree = "<group>";
		};
		BE8BF12E1D832CE900F710CB /* iOS */ = {
			isa = PBXGroup;
			children = (
				5ED8D0182207DB5E00E8BE60 /* FwiOperator+iOS.swift */,
				BE66A7E1220290F600CBFE3C /* Extension */,
				5ED8D01A2207DD0300E8BE60 /* ApplicationDelegate */,
			);
			name = iOS;
			sourceTree = "<group>";
		};
		BE8BF12F1D832CEF00F710CB /* Foundation */ = {
			isa = PBXGroup;
			children = (
				BEDBB4BC1FE9D48B00059325 /* Array+FwiExtension.swift */,
				BE91D8AF1F70273700EEE620 /* Data+FwiExtension.swift */,
				BE91D8B21F70273700EEE620 /* Dictionary+FwiExtension.swift */,
				BE91D8B31F70273700EEE620 /* FileManager+FwiExtension.swift */,
				BE91D8AE1F70273700EEE620 /* NSCoding+FwiExtension.swift */,
				BEF01E791F71214700F25389 /* NSManagedObject+FwiExtension.swift */,
				BE91D8B01F70273700EEE620 /* NSNumber+FwiExtension.swift */,
				BE91D8B41F70273700EEE620 /* String+FwiExtension.swift */,
				BE91D8AD1F70273700EEE620 /* URL+FwiExtension.swift */,
			);
			name = Foundation;
			sourceTree = "<group>";
		};
		BE8BF1301D832D8700F710CB /* i18n */ = {
			isa = PBXGroup;
			children = (
				BE91D84C1F701AF600EEE620 /* FwiLocalization.swift */,
			);
			name = i18n;
			sourceTree = "<group>";
		};
		BE8BF1331D832ED000F710CB /* Network */ = {
			isa = PBXGroup;
			children = (
				BE91D8D61F7027EA00EEE620 /* FwiNetwork.swift */,
			);
			name = Network;
			sourceTree = "<group>";
		};
		BE8BF13A1D8464F500F710CB /* extension */ = {
			isa = PBXGroup;
			children = (
				BE8BF15E1D84667300F710CB /* foundation */,
			);
			name = extension;
			sourceTree = "<group>";
		};
		BE8BF13B1D84650500F710CB /* codec */ = {
			isa = PBXGroup;
			children = (
				BE8BF1461D8465BC00F710CB /* Data+FwiBase64Test.swift */,
				BE8BF1481D8465CE00F710CB /* Data+FwiHexTest.swift */,
			);
			name = codec;
			sourceTree = "<group>";
		};
		BE8BF15E1D84667300F710CB /* foundation */ = {
			isa = PBXGroup;
			children = (
				BE8BF14A1D84661C00F710CB /* Data+FwiExtensionTest.swift */,
				BE8BF14B1D84661C00F710CB /* FileManager+FwiExtensionTest.swift */,
				BE7EA4761FEAB69C00B73ECA /* NSCoding+FwiExtensionTest.swift */,
				BE8BF14C1D84661C00F710CB /* NSNumber+FwiExtensionTest.swift */,
				BE8BF14D1D84661C00F710CB /* String+FwiExtensionTest.swift */,
			);
			name = foundation;
			sourceTree = "<group>";
		};
		BE91D8D91F70291600EEE620 /* FwiCoreRX */ = {
			isa = PBXGroup;
			children = (
				5ECD67CC220BFF7B00C318C5 /* Protocol */,
				5ECD67E0220C1A5B00C318C5 /* Extension */,
				BE19C3191F77F920003DF3D8 /* CoreData */,
				BEF3EBBC1F77FDB100EE8F44 /* Network */,
				BEA89C491F9A6C610099413F /* ViewModel */,
				BE66A7DF220290A300CBFE3C /* iOS */,
			);
			name = FwiCoreRX;
			path = Sources/FwiCoreRX;
			sourceTree = "<group>";
		};
		BEA89C491F9A6C610099413F /* ViewModel */ = {
			isa = PBXGroup;
			children = (
				BE19C30A1F77F8DE003DF3D8 /* FwiViewModel.swift */,
			);
			name = ViewModel;
			sourceTree = "<group>";
		};
		BED7E466212B9A91008DE156 /* Frameworks */ = {
			isa = PBXGroup;
			children = (
				BED7E467212B9A91008DE156 /* Alamofire.framework */,
				BED7E46C212B9AF7008DE156 /* RxCocoa.framework */,
				BED7E46A212B9AB4008DE156 /* RxSwift.framework */,
				5ECD67BF220BCF4B00C318C5 /* CocoaLumberjack.framework */,
				5ECD67C0220BCF4B00C318C5 /* CocoaLumberjackSwift.framework */,
			);
			name = Frameworks;
			sourceTree = "<group>";
		};
		BEF01E7B1F71219B00F25389 /* CoreData */ = {
			isa = PBXGroup;
			children = (
				BE9F61FA1F7183C300BE4B0B /* FwiCoreData.swift */,
			);
			name = CoreData;
			sourceTree = "<group>";
		};
		BEF3EBBC1F77FDB100EE8F44 /* Network */ = {
			isa = PBXGroup;
			children = (
				5ECD67E5220C20AE00C318C5 /* FwiActivityIndicator.swift */,
				BE19C30C1F77F8DF003DF3D8 /* FwiNetwork+RX.swift */,
			);
			name = Network;
			sourceTree = "<group>";
		};
		TestProducts_ /* Tests */ = {
			isa = PBXGroup;
			children = (
				"_____Product_FwiCoreTests" /* FwiCoreTests.xctest */,
			);
			name = Tests;
			sourceTree = "<group>";
		};
		"___RootGroup_" = {
			isa = PBXGroup;
			children = (
				"_____Sources_" /* Sources */,
				"_______Tests_" /* Tests */,
				"_____Configs_" /* Configs */,
				"____Products_" /* Products */,
				BED7E466212B9A91008DE156 /* Frameworks */,
			);
			sourceTree = "<group>";
		};
		"____Products_" /* Products */ = {
			isa = PBXGroup;
			children = (
				TestProducts_ /* Tests */,
				"_____Product_FwiCore" /* FwiCore.framework */,
				BE91D8861F70239C00EEE620 /* FwiCoreRX.framework */,
			);
			name = Products;
			sourceTree = "<group>";
		};
		"_____Configs_" /* Configs */ = {
			isa = PBXGroup;
			children = (
				BE5574D61F684C7D0022E61C /* Debug */,
				BE5574D71F684C860022E61C /* Release */,
			);
			name = Configs;
			sourceTree = "<group>";
		};
		"_____Sources_" /* Sources */ = {
			isa = PBXGroup;
			children = (
				"_______Group_FwiCore" /* FwiCore */,
				BE91D8D91F70291600EEE620 /* FwiCoreRX */,
			);
			name = Sources;
			sourceTree = "<group>";
		};
		"_______Group_FwiCore" /* FwiCore */ = {
			isa = PBXGroup;
			children = (
				BE91D84A1F7019C300EEE620 /* FwiCore.swift */,
				BEC851D922111ED200C25DA6 /* FwiCore+Deprecated.swift */,
				5ECD67C7220BF87400C318C5 /* FwiLog.swift */,
				BE1579DE220447C9001F57D9 /* FwiOperator.swift */,
				BE8BF12D1D832CC900F710CB /* Extension */,
				BE8BF12A1D832C4200F710CB /* Codec */,
				BEF01E7B1F71219B00F25389 /* CoreData */,
				BE2E7FA11FA0FAE3008E521F /* Json */,
				5ECD67C9220BFAF400C318C5 /* Plist */,
				BE8BF1301D832D8700F710CB /* i18n */,
				BE8BF1331D832ED000F710CB /* Network */,
				BE8BF12E1D832CE900F710CB /* iOS */,
			);
			name = FwiCore;
			path = Sources;
			sourceTree = "<group>";
		};
		"_______Group_FwiCoreTests" /* FwiCoreTests */ = {
			isa = PBXGroup;
			children = (
				BE8BF13A1D8464F500F710CB /* extension */,
				BE8BF13B1D84650500F710CB /* codec */,
				BE7A1D6B1FEC12640004B986 /* Json */,
			);
			name = FwiCoreTests;
			path = Tests/FwiCoreTests;
			sourceTree = "<group>";
		};
		"_______Tests_" /* Tests */ = {
			isa = PBXGroup;
			children = (
				"_______Group_FwiCoreTests" /* FwiCoreTests */,
			);
			name = Tests;
			sourceTree = "<group>";
		};
/* End PBXGroup section */

/* Begin PBXHeadersBuildPhase section */
		BE91D8831F70239C00EEE620 /* Headers */ = {
			isa = PBXHeadersBuildPhase;
			buildActionMask = 2147483647;
			files = (
			);
			runOnlyForDeploymentPostprocessing = 0;
		};
/* End PBXHeadersBuildPhase section */

/* Begin PBXNativeTarget section */
		BE91D8851F70239C00EEE620 /* FwiCoreRX */ = {
			isa = PBXNativeTarget;
			buildConfigurationList = BE91D8971F70239D00EEE620 /* Build configuration list for PBXNativeTarget "FwiCoreRX" */;
			buildPhases = (
				BE91D8811F70239C00EEE620 /* Sources */,
				BE91D8821F70239C00EEE620 /* Frameworks */,
				BE91D8831F70239C00EEE620 /* Headers */,
				BE91D8841F70239C00EEE620 /* Resources */,
			);
			buildRules = (
			);
			dependencies = (
			);
			name = FwiCoreRX;
			productName = FwiCoreRX;
			productReference = BE91D8861F70239C00EEE620 /* FwiCoreRX.framework */;
			productType = "com.apple.product-type.framework";
		};
		"______Target_FwiCore" /* FwiCore */ = {
			isa = PBXNativeTarget;
			buildConfigurationList = "_______Confs_FwiCore" /* Build configuration list for PBXNativeTarget "FwiCore" */;
			buildPhases = (
				CompilePhase_FwiCore /* Sources */,
				"___LinkPhase_FwiCore" /* Frameworks */,
			);
			buildRules = (
			);
			dependencies = (
			);
			name = FwiCore;
			productName = FwiCore;
			productReference = "_____Product_FwiCore" /* FwiCore.framework */;
			productType = "com.apple.product-type.framework";
		};
		"______Target_FwiCoreTests" /* FwiCoreTests */ = {
			isa = PBXNativeTarget;
			buildConfigurationList = "_______Confs_FwiCoreTests" /* Build configuration list for PBXNativeTarget "FwiCoreTests" */;
			buildPhases = (
				CompilePhase_FwiCoreTests /* Sources */,
				BEF4FFE81D929751008B9BFE /* Resources */,
				"___LinkPhase_FwiCoreTests" /* Frameworks */,
				BEDF614621591C94006BC59B /* Carthage */,
			);
			buildRules = (
			);
			dependencies = (
				__Dependency_FwiCore /* PBXTargetDependency */,
			);
			name = FwiCoreTests;
			productName = FwiCoreTests;
			productReference = "_____Product_FwiCoreTests" /* FwiCoreTests.xctest */;
			productType = "com.apple.product-type.bundle.unit-test";
		};
/* End PBXNativeTarget section */

/* Begin PBXProject section */
		__RootObject_ /* Project object */ = {
			isa = PBXProject;
			attributes = {
				CLASSPREFIX = Fwi;
				LastSwiftUpdateCheck = 0900;
				LastUpgradeCheck = 0930;
				ORGANIZATIONNAME = "Fiision Studio";
				TargetAttributes = {
					BE91D8851F70239C00EEE620 = {
						CreatedOnToolsVersion = 9.0;
						LastSwiftMigration = 0900;
					};
					"______Target_FwiCore" = {
						ProvisioningStyle = Manual;
					};
				};
			};
			buildConfigurationList = "___RootConfs_" /* Build configuration list for PBXProject "FwiCore" */;
			compatibilityVersion = "Xcode 3.2";
			developmentRegion = English;
			hasScannedForEncodings = 0;
			knownRegions = (
				en,
			);
			mainGroup = "___RootGroup_";
			productRefGroup = "____Products_" /* Products */;
			projectDirPath = "";
			projectRoot = "";
			targets = (
				"______Target_FwiCore" /* FwiCore */,
				BE91D8851F70239C00EEE620 /* FwiCoreRX */,
				"______Target_FwiCoreTests" /* FwiCoreTests */,
			);
		};
/* End PBXProject section */

/* Begin PBXResourcesBuildPhase section */
		BE91D8841F70239C00EEE620 /* Resources */ = {
			isa = PBXResourcesBuildPhase;
			buildActionMask = 2147483647;
			files = (
			);
			runOnlyForDeploymentPostprocessing = 0;
		};
		BEF4FFE81D929751008B9BFE /* Resources */ = {
			isa = PBXResourcesBuildPhase;
			buildActionMask = 2147483647;
			files = (
			);
			runOnlyForDeploymentPostprocessing = 0;
		};
/* End PBXResourcesBuildPhase section */

/* Begin PBXShellScriptBuildPhase section */
		BEDF614621591C94006BC59B /* Carthage */ = {
			isa = PBXShellScriptBuildPhase;
			buildActionMask = 2147483647;
			files = (
			);
			inputPaths = (
				"$(SRCROOT)/Carthage/Build/iOS/Alamofire.framework",
				"$(SRCROOT)/Carthage/Build/iOS/CocoaLumberjack.framework",
				"$(SRCROOT)/Carthage/Build/iOS/CocoaLumberjackSwift.framework",
			);
			name = Carthage;
			outputPaths = (
				"$(BUILT_PRODUCTS_DIR)/$(FRAMEWORKS_FOLDER_PATH)/Alamofire.framework",
				"$(BUILT_PRODUCTS_DIR)/$(FRAMEWORKS_FOLDER_PATH)/CocoaLumberjack.framework",
				"$(BUILT_PRODUCTS_DIR)/$(FRAMEWORKS_FOLDER_PATH)/CocoaLumberjackSwift.framework",
			);
			runOnlyForDeploymentPostprocessing = 0;
			shellPath = /bin/sh;
			shellScript = "/usr/local/bin/carthage copy-frameworks\n";
		};
/* End PBXShellScriptBuildPhase section */

/* Begin PBXSourcesBuildPhase section */
		BE91D8811F70239C00EEE620 /* Sources */ = {
			isa = PBXSourcesBuildPhase;
			buildActionMask = 2147483647;
			files = (
				5ECD67D1220C010B00C318C5 /* FwiContainerViewProtocol.swift in Sources */,
				5ECD67E2220C1A8600C318C5 /* ObservableType+FwiExtension.swift in Sources */,
				BE73154921002ED400C569A6 /* FwiTableViewVM.swift in Sources */,
				BE73154A21002ED400C569A6 /* FwiGenericCollectionViewVM.swift in Sources */,
				BE73154C21002ED400C569A6 /* FwiGenericCollectionViewCellVM.swift in Sources */,
				BE73154B21002ED400C569A6 /* FwiGenericTableViewCellVM.swift in Sources */,
				BE19C3141F77F8F1003DF3D8 /* FwiCoreData+RX.swift in Sources */,
				5ECD67D6220C02D100C318C5 /* FwiKeyboardAnimationProtocol.swift in Sources */,
				5ECD67D9220C046B00C318C5 /* FwiKeyboardInfo.swift in Sources */,
				5ECD67E6220C20AE00C318C5 /* FwiActivityIndicator.swift in Sources */,
				5ECD67DD220C16C100C318C5 /* FwiCancelableProtocol.swift in Sources */,
				BE73154821002ED400C569A6 /* FwiGenericTableViewVM.swift in Sources */,
				5ECD67E8220C238600C318C5 /* FwiActivityTrackingProtocol.swift in Sources */,
				5ECD67DB220C12BA00C318C5 /* FwiDraggableViewProtocol.swift in Sources */,
				5ECD67D3220C018D00C318C5 /* FwiDismissProtocol.swift in Sources */,
				5ECD67E4220C1B1900C318C5 /* Optional+FwiExtension.swift in Sources */,
				BE19C3181F77F8F1003DF3D8 /* FwiViewModel.swift in Sources */,
				BE19C3171F77F8F1003DF3D8 /* FwiNetwork+RX.swift in Sources */,
				5ECD67CE220BFF9200C318C5 /* FwiDisposableProtocol.swift in Sources */,
				5ECD67DF220C191000C318C5 /* FwiOptionalTypeProtocol.swift in Sources */,
				BE73154721002ED400C569A6 /* FwiCollectionViewVM.swift in Sources */,
			);
			runOnlyForDeploymentPostprocessing = 0;
		};
		CompilePhase_FwiCore /* Sources */ = {
			isa = PBXSourcesBuildPhase;
			buildActionMask = 0;
			files = (
				BEA89C4B1F9A6DB00099413F /* UIImage+FwiExtension.swift in Sources */,
				BE91D8CD1F70277C00EEE620 /* UISplitViewController+FwiExtension.swift in Sources */,
				BE91D8CB1F70277C00EEE620 /* UIApplication+FwiExtension.swift in Sources */,
				5ED8D01E2207DD2200E8BE60 /* FwiPluggableApplicationDelegate.swift in Sources */,
				BE91D8BB1F70273700EEE620 /* FileManager+FwiExtension.swift in Sources */,
				BE91D8BC1F70273700EEE620 /* String+FwiExtension.swift in Sources */,
				BE91D8CE1F70277C00EEE620 /* UITableViewController+FwiExtension.swift in Sources */,
				BEDBB4DC1FE9D57B00059325 /* KeyedDecodingContainer+FwiExtension.swift in Sources */,
				BE91D87F1F701B7900EEE620 /* Data+FwiBase64.swift in Sources */,
				5ECD67CB220BFB2E00C318C5 /* FwiPlistProtocol.swift in Sources */,
				5ECD67C8220BF87400C318C5 /* FwiLog.swift in Sources */,
				BE91D8CF1F70277C00EEE620 /* UIViewController+FwiExtension.swift in Sources */,
				BE91D84B1F7019C300EEE620 /* FwiCore.swift in Sources */,
				BE91D8D81F7027EA00EEE620 /* FwiNetwork.swift in Sources */,
				5ED8D0212207DDD000E8BE60 /* FwiPluggableApplicationDelegateService.swift in Sources */,
				BE91D8BA1F70273700EEE620 /* Dictionary+FwiExtension.swift in Sources */,
				BE91D8C81F70277C00EEE620 /* UIButton+FwiExtension.swift in Sources */,
				BE91D8D31F7027C300EEE620 /* Data+FwiHex.swift in Sources */,
				BE91D8B51F70273700EEE620 /* URL+FwiExtension.swift in Sources */,
				BE91D8801F701B7900EEE620 /* String+FwiBase64.swift in Sources */,
				BE9F61FB1F7183C300BE4B0B /* FwiCoreData.swift in Sources */,
				BE91D8CA1F70277C00EEE620 /* UIView+FwiExtension.swift in Sources */,
				BE91D8B61F70273700EEE620 /* NSCoding+FwiExtension.swift in Sources */,
				BE91D8D01F70277C00EEE620 /* UINavigationController+FwiExtension.swift in Sources */,
				5ED8D0232207E09B00E8BE60 /* FwiPluggableServiceProviderProtocol.swift in Sources */,
				BEDBB4E01FE9DB7900059325 /* UIAlertController+FwiExtension.swift in Sources */,
				BEC851DA22111ED200C25DA6 /* FwiCore+Deprecated.swift in Sources */,
				BE91D8B91F70273700EEE620 /* Codable+FwiExtension.swift in Sources */,
				BE91D8B81F70273700EEE620 /* NSNumber+FwiExtension.swift in Sources */,
				BEDBB4DA1FE9D48C00059325 /* Array+FwiExtension.swift in Sources */,
				5ED8D0192207DB5E00E8BE60 /* FwiOperator+iOS.swift in Sources */,
				BE91D8B71F70273700EEE620 /* Data+FwiExtension.swift in Sources */,
				BE91D8C91F70277C00EEE620 /* FwiStoryboard.swift in Sources */,
				BE1579DF220447C9001F57D9 /* FwiOperator.swift in Sources */,
				BE91D8D41F7027C300EEE620 /* String+FwiHex.swift in Sources */,
				BEF01E7A1F71214800F25389 /* NSManagedObject+FwiExtension.swift in Sources */,
				BE91D8CC1F70277C00EEE620 /* FwiCell.swift in Sources */,
				BE6B962D1FF2A8E900BCDEFC /* FwiLocalization.swift in Sources */,
				5ED8D01D2207DD2200E8BE60 /* FwiPluggableApplicationDelegate+CloudKit.swift in Sources */,
			);
			runOnlyForDeploymentPostprocessing = 0;
		};
		CompilePhase_FwiCoreTests /* Sources */ = {
			isa = PBXSourcesBuildPhase;
			buildActionMask = 0;
			files = (
				BE7A1D6D1FEC129F0004B986 /* KeyedDecodingContainer+FwiExtensionTest.swift in Sources */,
				BE8BF1511D84661C00F710CB /* FileManager+FwiExtensionTest.swift in Sources */,
				BE8BF1491D8465CE00F710CB /* Data+FwiHexTest.swift in Sources */,
				BE8BF1521D84661C00F710CB /* NSNumber+FwiExtensionTest.swift in Sources */,
				BE7EA4771FEAB69C00B73ECA /* NSCoding+FwiExtensionTest.swift in Sources */,
				BE8BF1501D84661C00F710CB /* Data+FwiExtensionTest.swift in Sources */,
				BE8BF1471D8465BC00F710CB /* Data+FwiBase64Test.swift in Sources */,
				BEB230B221FC0B20008ED2C7 /* Codable+FwiExtensionTest.swift in Sources */,
				BE8BF1531D84661C00F710CB /* String+FwiExtensionTest.swift in Sources */,
			);
			runOnlyForDeploymentPostprocessing = 0;
		};
/* End PBXSourcesBuildPhase section */

/* Begin PBXTargetDependency section */
		__Dependency_FwiCore /* PBXTargetDependency */ = {
			isa = PBXTargetDependency;
			target = "______Target_FwiCore" /* FwiCore */;
			targetProxy = BE8BF1291D832B3600F710CB /* PBXContainerItemProxy */;
		};
/* End PBXTargetDependency section */

/* Begin XCBuildConfiguration section */
		BE91D8981F70239D00EEE620 /* Debug */ = {
			isa = XCBuildConfiguration;
			baseConfigurationReference = BE1735B61D89C13B00738B1F /* lib-debug.xcconfig */;
			buildSettings = {
				PRODUCT_BUNDLE_IDENTIFIER = com.fiision.lib.FwiCoreRX;
			};
			name = Debug;
		};
		BE91D8991F70239D00EEE620 /* Release */ = {
			isa = XCBuildConfiguration;
			baseConfigurationReference = BE1735B71D89C13B00738B1F /* lib-release.xcconfig */;
			buildSettings = {
				PRODUCT_BUNDLE_IDENTIFIER = com.fiision.lib.FwiCoreRX;
			};
			name = Release;
		};
		_ReleaseConf_FwiCore /* Release */ = {
			isa = XCBuildConfiguration;
			baseConfigurationReference = BE1735B71D89C13B00738B1F /* lib-release.xcconfig */;
			buildSettings = {
				FRAMEWORK_SEARCH_PATHS = (
					"$(inherited)",
					"$(PROJECT_DIR)/Carthage/Build/iOS",
				);
				OTHER_LDFLAGS = "$(inherited)";
				PRODUCT_BUNDLE_IDENTIFIER = com.fiision.lib.FwiCore;
			};
			name = Release;
		};
		_ReleaseConf_FwiCoreTests /* Release */ = {
			isa = XCBuildConfiguration;
			baseConfigurationReference = BE1735BB1D89C13B00738B1F /* test-release.xcconfig */;
			buildSettings = {
				FRAMEWORK_SEARCH_PATHS = (
					"$(inherited)",
					"$(PROJECT_DIR)/Carthage/Build/iOS",
				);
				OTHER_LDFLAGS = "$(inherited)";
			};
			name = Release;
		};
		"___DebugConf_FwiCore" /* Debug */ = {
			isa = XCBuildConfiguration;
			baseConfigurationReference = BE1735B61D89C13B00738B1F /* lib-debug.xcconfig */;
			buildSettings = {
				FRAMEWORK_SEARCH_PATHS = (
					"$(inherited)",
					"$(PROJECT_DIR)/Carthage/Build/iOS",
				);
				OTHER_LDFLAGS = "$(inherited)";
				PRODUCT_BUNDLE_IDENTIFIER = com.fiision.lib.FwiCore;
			};
			name = Debug;
		};
		"___DebugConf_FwiCoreTests" /* Debug */ = {
			isa = XCBuildConfiguration;
			baseConfigurationReference = BE1735BA1D89C13B00738B1F /* test-debug.xcconfig */;
			buildSettings = {
				FRAMEWORK_SEARCH_PATHS = (
					"$(inherited)",
					"$(PROJECT_DIR)/Carthage/Build/iOS",
				);
				OTHER_LDFLAGS = "$(inherited)";
			};
			name = Debug;
		};
		"_____Release_" /* Release */ = {
			isa = XCBuildConfiguration;
			baseConfigurationReference = BE1735B91D89C13B00738B1F /* project-release.xcconfig */;
			buildSettings = {
				CLANG_WARN_DEPRECATED_OBJC_IMPLEMENTATIONS = YES;
			};
			name = Release;
		};
		"_______Debug_" /* Debug */ = {
			isa = XCBuildConfiguration;
			baseConfigurationReference = BE1735B81D89C13B00738B1F /* project-debug.xcconfig */;
			buildSettings = {
				CLANG_WARN_DEPRECATED_OBJC_IMPLEMENTATIONS = YES;
			};
			name = Debug;
		};
/* End XCBuildConfiguration section */

/* Begin XCConfigurationList section */
		BE91D8971F70239D00EEE620 /* Build configuration list for PBXNativeTarget "FwiCoreRX" */ = {
			isa = XCConfigurationList;
			buildConfigurations = (
				BE91D8981F70239D00EEE620 /* Debug */,
				BE91D8991F70239D00EEE620 /* Release */,
			);
			defaultConfigurationIsVisible = 0;
			defaultConfigurationName = Release;
		};
		"___RootConfs_" /* Build configuration list for PBXProject "FwiCore" */ = {
			isa = XCConfigurationList;
			buildConfigurations = (
				"_______Debug_" /* Debug */,
				"_____Release_" /* Release */,
			);
			defaultConfigurationIsVisible = 0;
			defaultConfigurationName = Release;
		};
		"_______Confs_FwiCore" /* Build configuration list for PBXNativeTarget "FwiCore" */ = {
			isa = XCConfigurationList;
			buildConfigurations = (
				"___DebugConf_FwiCore" /* Debug */,
				_ReleaseConf_FwiCore /* Release */,
			);
			defaultConfigurationIsVisible = 0;
			defaultConfigurationName = Release;
		};
		"_______Confs_FwiCoreTests" /* Build configuration list for PBXNativeTarget "FwiCoreTests" */ = {
			isa = XCConfigurationList;
			buildConfigurations = (
				"___DebugConf_FwiCoreTests" /* Debug */,
				_ReleaseConf_FwiCoreTests /* Release */,
			);
			defaultConfigurationIsVisible = 0;
			defaultConfigurationName = Release;
		};
/* End XCConfigurationList section */
	};
	rootObject = __RootObject_ /* Project object */;
}
